// !$*UTF8*$!
{
	archiveVersion = 1;
	classes = {
	};
	objectVersion = 55;
	objects = {

/* Begin PBXBuildFile section */
		002789C02886496E00BDCDA4 /* UIKitPreviewExtension.swift in Sources */ = {isa = PBXBuildFile; fileRef = 002789BF2886496E00BDCDA4 /* UIKitPreviewExtension.swift */; };
		002789BC288641CA00BDCDA4 /* RoomManagerViewController.swift in Sources */ = {isa = PBXBuildFile; fileRef = 002789BB288641CA00BDCDA4 /* RoomManagerViewController.swift */; };
		002789BE2886449A00BDCDA4 /* RoomManagerView.swift in Sources */ = {isa = PBXBuildFile; fileRef = 002789BD2886449A00BDCDA4 /* RoomManagerView.swift */; };
		007C698D28858A3D0074F653 /* Student.swift in Sources */ = {isa = PBXBuildFile; fileRef = 007C698C28858A3D0074F653 /* Student.swift */; };
		007C698F28858C210074F653 /* DormRoom.swift in Sources */ = {isa = PBXBuildFile; fileRef = 007C698E28858C210074F653 /* DormRoom.swift */; };
		00F2D835288049DE00BE4176 /* AppDelegate.swift in Sources */ = {isa = PBXBuildFile; fileRef = 00F2D834288049DE00BE4176 /* AppDelegate.swift */; };
		00F2D837288049DE00BE4176 /* SceneDelegate.swift in Sources */ = {isa = PBXBuildFile; fileRef = 00F2D836288049DE00BE4176 /* SceneDelegate.swift */; };
		00F2D83C288049DE00BE4176 /* Main.storyboard in Resources */ = {isa = PBXBuildFile; fileRef = 00F2D83A288049DE00BE4176 /* Main.storyboard */; };
		00F2D83E288049E000BE4176 /* Assets.xcassets in Resources */ = {isa = PBXBuildFile; fileRef = 00F2D83D288049E000BE4176 /* Assets.xcassets */; };
		00F2D841288049E000BE4176 /* LaunchScreen.storyboard in Resources */ = {isa = PBXBuildFile; fileRef = 00F2D83F288049E000BE4176 /* LaunchScreen.storyboard */; };
		00FA1BC1288522D90087929B /* .swiftlint.yml in Resources */ = {isa = PBXBuildFile; fileRef = 00FA1BC0288522D90087929B /* .swiftlint.yml */; };
/* End PBXBuildFile section */

/* Begin PBXFileReference section */
		002789BF2886496E00BDCDA4 /* UIKitPreviewExtension.swift */ = {isa = PBXFileReference; lastKnownFileType = sourcecode.swift; path = UIKitPreviewExtension.swift; sourceTree = "<group>"; };
		002789BB288641CA00BDCDA4 /* RoomManagerViewController.swift */ = {isa = PBXFileReference; lastKnownFileType = sourcecode.swift; path = RoomManagerViewController.swift; sourceTree = "<group>"; };
		002789BD2886449A00BDCDA4 /* RoomManagerView.swift */ = {isa = PBXFileReference; lastKnownFileType = sourcecode.swift; path = RoomManagerView.swift; sourceTree = "<group>"; };
		007C698C28858A3D0074F653 /* Student.swift */ = {isa = PBXFileReference; lastKnownFileType = sourcecode.swift; path = Student.swift; sourceTree = "<group>"; };
		007C698E28858C210074F653 /* DormRoom.swift */ = {isa = PBXFileReference; lastKnownFileType = sourcecode.swift; path = DormRoom.swift; sourceTree = "<group>"; };
		00F2D831288049DE00BE4176 /* dorm.app */ = {isa = PBXFileReference; explicitFileType = wrapper.application; includeInIndex = 0; path = dorm.app; sourceTree = BUILT_PRODUCTS_DIR; };
		00F2D834288049DE00BE4176 /* AppDelegate.swift */ = {isa = PBXFileReference; lastKnownFileType = sourcecode.swift; path = AppDelegate.swift; sourceTree = "<group>"; };
		00F2D836288049DE00BE4176 /* SceneDelegate.swift */ = {isa = PBXFileReference; lastKnownFileType = sourcecode.swift; path = SceneDelegate.swift; sourceTree = "<group>"; };
		00F2D83B288049DE00BE4176 /* Base */ = {isa = PBXFileReference; lastKnownFileType = file.storyboard; name = Base; path = Base.lproj/Main.storyboard; sourceTree = "<group>"; };
		00F2D83D288049E000BE4176 /* Assets.xcassets */ = {isa = PBXFileReference; lastKnownFileType = folder.assetcatalog; path = Assets.xcassets; sourceTree = "<group>"; };
		00F2D840288049E000BE4176 /* Base */ = {isa = PBXFileReference; lastKnownFileType = file.storyboard; name = Base; path = Base.lproj/LaunchScreen.storyboard; sourceTree = "<group>"; };
		00F2D842288049E000BE4176 /* Info.plist */ = {isa = PBXFileReference; lastKnownFileType = text.plist.xml; path = Info.plist; sourceTree = "<group>"; };
		00FA1BC0288522D90087929B /* .swiftlint.yml */ = {isa = PBXFileReference; lastKnownFileType = text.yaml; path = .swiftlint.yml; sourceTree = "<group>"; };
/* End PBXFileReference section */

/* Begin PBXFrameworksBuildPhase section */
		00F2D82E288049DE00BE4176 /* Frameworks */ = {
			isa = PBXFrameworksBuildPhase;
			buildActionMask = 2147483647;
			files = (
			);
			runOnlyForDeploymentPostprocessing = 0;
		};
/* End PBXFrameworksBuildPhase section */

/* Begin PBXGroup section */
		002789BA288641BC00BDCDA4 /* RoomManager */ = {
			isa = PBXGroup;
			children = (
				002789BB288641CA00BDCDA4 /* RoomManagerViewController.swift */,
				002789BD2886449A00BDCDA4 /* RoomManagerView.swift */,
			);
			path = RoomManager;
			sourceTree = "<group>";
		};
		007C698B28858A260074F653 /* Model */ = {
			isa = PBXGroup;
			children = (
				007C698C28858A3D0074F653 /* Student.swift */,
				007C698E28858C210074F653 /* DormRoom.swift */,
			);
			path = Model;
			sourceTree = "<group>";
		};
		00F2D828288049DE00BE4176 = {
			isa = PBXGroup;
			children = (
				00FA1BC0288522D90087929B /* .swiftlint.yml */,
				00F2D833288049DE00BE4176 /* dorm */,
				00F2D832288049DE00BE4176 /* Products */,
			);
			sourceTree = "<group>";
		};
		00F2D832288049DE00BE4176 /* Products */ = {
			isa = PBXGroup;
			children = (
				00F2D831288049DE00BE4176 /* dorm.app */,
			);
			name = Products;
			sourceTree = "<group>";
		};
		00F2D833288049DE00BE4176 /* dorm */ = {
			isa = PBXGroup;
			children = (
				00FA1BBA2885040F0087929B /* Data */,
				00FA1BB8288504090087929B /* Domain */,
				00FA1BBC288504240087929B /* Extension */,
				00F2D83F288049E000BE4176 /* LaunchScreen.storyboard */,
				00F2D83A288049DE00BE4176 /* Main.storyboard */,
				00FA1BB92885040D0087929B /* Presenter */,
				00FA1BBB2885041F0087929B /* Resource */,
				00FA1BBE288519F10087929B /* System */,
			);
			path = dorm;
			sourceTree = "<group>";
		};
		00FA1BB8288504090087929B /* Domain */ = {
			isa = PBXGroup;
			children = (
				007C698B28858A260074F653 /* Model */,
			);
			path = Domain;
			sourceTree = "<group>";
		};
		00FA1BB92885040D0087929B /* Presenter */ = {
			isa = PBXGroup;
			children = (
				002789BA288641BC00BDCDA4 /* RoomManager */,
			);
			path = Presenter;
			sourceTree = "<group>";
		};
		00FA1BBA2885040F0087929B /* Data */ = {
			isa = PBXGroup;
			children = (
			);
			path = Data;
			sourceTree = "<group>";
		};
		00FA1BBB2885041F0087929B /* Resource */ = {
			isa = PBXGroup;
			children = (
				00F2D83D288049E000BE4176 /* Assets.xcassets */,
				00F2D842288049E000BE4176 /* Info.plist */,
			);
			path = Resource;
			sourceTree = "<group>";
		};
		00FA1BBC288504240087929B /* Extension */ = {
			isa = PBXGroup;
			children = (
				002789BF2886496E00BDCDA4 /* UIKitPreviewExtension.swift */,
			);
			path = Extension;
			sourceTree = "<group>";
		};
		00FA1BBE288519F10087929B /* System */ = {
			isa = PBXGroup;
			children = (
				00F2D834288049DE00BE4176 /* AppDelegate.swift */,
				00F2D836288049DE00BE4176 /* SceneDelegate.swift */,
			);
			path = System;
			sourceTree = "<group>";
		};
/* End PBXGroup section */

/* Begin PBXNativeTarget section */
		00F2D830288049DE00BE4176 /* dorm */ = {
			isa = PBXNativeTarget;
			buildConfigurationList = 00F2D845288049E000BE4176 /* Build configuration list for PBXNativeTarget "dorm" */;
			buildPhases = (
				00FA1BBF288521F90087929B /* SwiftLint Script */,
				00F2D82D288049DE00BE4176 /* Sources */,
				00F2D82E288049DE00BE4176 /* Frameworks */,
				00F2D82F288049DE00BE4176 /* Resources */,
			);
			buildRules = (
			);
			dependencies = (
			);
			name = dorm;
			productName = dorm;
			productReference = 00F2D831288049DE00BE4176 /* dorm.app */;
			productType = "com.apple.product-type.application";
		};
/* End PBXNativeTarget section */

/* Begin PBXProject section */
		00F2D829288049DE00BE4176 /* Project object */ = {
			isa = PBXProject;
			attributes = {
				BuildIndependentTargetsInParallel = 1;
				LastSwiftUpdateCheck = 1400;
				LastUpgradeCheck = 1400;
				TargetAttributes = {
					00F2D830288049DE00BE4176 = {
						CreatedOnToolsVersion = 14.0;
					};
				};
			};
			buildConfigurationList = 00F2D82C288049DE00BE4176 /* Build configuration list for PBXProject "dorm" */;
			compatibilityVersion = "Xcode 13.0";
			developmentRegion = en;
			hasScannedForEncodings = 0;
			knownRegions = (
				en,
				Base,
			);
			mainGroup = 00F2D828288049DE00BE4176;
			productRefGroup = 00F2D832288049DE00BE4176 /* Products */;
			projectDirPath = "";
			projectRoot = "";
			targets = (
				00F2D830288049DE00BE4176 /* dorm */,
			);
		};
/* End PBXProject section */

/* Begin PBXResourcesBuildPhase section */
		00F2D82F288049DE00BE4176 /* Resources */ = {
			isa = PBXResourcesBuildPhase;
			buildActionMask = 2147483647;
			files = (
				00FA1BC1288522D90087929B /* .swiftlint.yml in Resources */,
				00F2D841288049E000BE4176 /* LaunchScreen.storyboard in Resources */,
				00F2D83E288049E000BE4176 /* Assets.xcassets in Resources */,
				00F2D83C288049DE00BE4176 /* Main.storyboard in Resources */,
			);
			runOnlyForDeploymentPostprocessing = 0;
		};
/* End PBXResourcesBuildPhase section */

/* Begin PBXShellScriptBuildPhase section */
		00FA1BBF288521F90087929B /* SwiftLint Script */ = {
			isa = PBXShellScriptBuildPhase;
			buildActionMask = 12;
			files = (
			);
			inputFileListPaths = (
			);
			inputPaths = (
			);
			name = "SwiftLint Script";
			outputFileListPaths = (
			);
			outputPaths = (
			);
			runOnlyForDeploymentPostprocessing = 0;
			shellPath = /bin/sh;
			shellScript = "export PATH=\"$PATH:/opt/homebrew/bin\" \nif which swiftlint > /dev/null; then\n  swiftlint\nelse\n  echo \"warning: SwiftLint not installed, download from https://github.com/realm/SwiftLint\"\nfi\n";
		};
/* End PBXShellScriptBuildPhase section */

/* Begin PBXSourcesBuildPhase section */
		00F2D82D288049DE00BE4176 /* Sources */ = {
			isa = PBXSourcesBuildPhase;
			buildActionMask = 2147483647;
			files = (
				007C698F28858C210074F653 /* DormRoom.swift in Sources */,
				002789BE2886449A00BDCDA4 /* RoomManagerView.swift in Sources */,
				00F2D835288049DE00BE4176 /* AppDelegate.swift in Sources */,
				007C698D28858A3D0074F653 /* Student.swift in Sources */,
				002789C02886496E00BDCDA4 /* UIKitPreviewExtension.swift in Sources */,
				00F2D837288049DE00BE4176 /* SceneDelegate.swift in Sources */,
				002789BC288641CA00BDCDA4 /* RoomManagerViewController.swift in Sources */,
			);
			runOnlyForDeploymentPostprocessing = 0;
		};
/* End PBXSourcesBuildPhase section */

/* Begin PBXVariantGroup section */
		00F2D83A288049DE00BE4176 /* Main.storyboard */ = {
			isa = PBXVariantGroup;
			children = (
				00F2D83B288049DE00BE4176 /* Base */,
			);
			name = Main.storyboard;
			sourceTree = "<group>";
		};
		00F2D83F288049E000BE4176 /* LaunchScreen.storyboard */ = {
			isa = PBXVariantGroup;
			children = (
				00F2D840288049E000BE4176 /* Base */,
			);
			name = LaunchScreen.storyboard;
			sourceTree = "<group>";
		};
/* End PBXVariantGroup section */

/* Begin XCBuildConfiguration section */
		00F2D843288049E000BE4176 /* Debug */ = {
			isa = XCBuildConfiguration;
			buildSettings = {
				ALWAYS_SEARCH_USER_PATHS = NO;
				CLANG_ANALYZER_NONNULL = YES;
				CLANG_ANALYZER_NUMBER_OBJECT_CONVERSION = YES_AGGRESSIVE;
				CLANG_CXX_LANGUAGE_STANDARD = "gnu++20";
				CLANG_ENABLE_MODULES = YES;
				CLANG_ENABLE_OBJC_ARC = YES;
				CLANG_ENABLE_OBJC_WEAK = YES;
				CLANG_WARN_BLOCK_CAPTURE_AUTORELEASING = YES;
				CLANG_WARN_BOOL_CONVERSION = YES;
				CLANG_WARN_COMMA = YES;
				CLANG_WARN_CONSTANT_CONVERSION = YES;
				CLANG_WARN_DEPRECATED_OBJC_IMPLEMENTATIONS = YES;
				CLANG_WARN_DIRECT_OBJC_ISA_USAGE = YES_ERROR;
				CLANG_WARN_DOCUMENTATION_COMMENTS = YES;
				CLANG_WARN_EMPTY_BODY = YES;
				CLANG_WARN_ENUM_CONVERSION = YES;
				CLANG_WARN_INFINITE_RECURSION = YES;
				CLANG_WARN_INT_CONVERSION = YES;
				CLANG_WARN_NON_LITERAL_NULL_CONVERSION = YES;
				CLANG_WARN_OBJC_IMPLICIT_RETAIN_SELF = YES;
				CLANG_WARN_OBJC_LITERAL_CONVERSION = YES;
				CLANG_WARN_OBJC_ROOT_CLASS = YES_ERROR;
				CLANG_WARN_QUOTED_INCLUDE_IN_FRAMEWORK_HEADER = YES;
				CLANG_WARN_RANGE_LOOP_ANALYSIS = YES;
				CLANG_WARN_STRICT_PROTOTYPES = YES;
				CLANG_WARN_SUSPICIOUS_MOVE = YES;
				CLANG_WARN_UNGUARDED_AVAILABILITY = YES_AGGRESSIVE;
				CLANG_WARN_UNREACHABLE_CODE = YES;
				CLANG_WARN__DUPLICATE_METHOD_MATCH = YES;
				COPY_PHASE_STRIP = NO;
				DEBUG_INFORMATION_FORMAT = dwarf;
				ENABLE_STRICT_OBJC_MSGSEND = YES;
				ENABLE_TESTABILITY = YES;
				GCC_C_LANGUAGE_STANDARD = gnu11;
				GCC_DYNAMIC_NO_PIC = NO;
				GCC_NO_COMMON_BLOCKS = YES;
				GCC_OPTIMIZATION_LEVEL = 0;
				GCC_PREPROCESSOR_DEFINITIONS = (
					"DEBUG=1",
					"$(inherited)",
				);
				GCC_WARN_64_TO_32_BIT_CONVERSION = YES;
				GCC_WARN_ABOUT_RETURN_TYPE = YES_ERROR;
				GCC_WARN_UNDECLARED_SELECTOR = YES;
				GCC_WARN_UNINITIALIZED_AUTOS = YES_AGGRESSIVE;
				GCC_WARN_UNUSED_FUNCTION = YES;
				GCC_WARN_UNUSED_VARIABLE = YES;
				IPHONEOS_DEPLOYMENT_TARGET = 15.0;
				MTL_ENABLE_DEBUG_INFO = INCLUDE_SOURCE;
				MTL_FAST_MATH = YES;
				ONLY_ACTIVE_ARCH = YES;
				SDKROOT = iphoneos;
				SWIFT_ACTIVE_COMPILATION_CONDITIONS = DEBUG;
				SWIFT_OPTIMIZATION_LEVEL = "-Onone";
			};
			name = Debug;
		};
		00F2D844288049E000BE4176 /* Release */ = {
			isa = XCBuildConfiguration;
			buildSettings = {
				ALWAYS_SEARCH_USER_PATHS = NO;
				CLANG_ANALYZER_NONNULL = YES;
				CLANG_ANALYZER_NUMBER_OBJECT_CONVERSION = YES_AGGRESSIVE;
				CLANG_CXX_LANGUAGE_STANDARD = "gnu++20";
				CLANG_ENABLE_MODULES = YES;
				CLANG_ENABLE_OBJC_ARC = YES;
				CLANG_ENABLE_OBJC_WEAK = YES;
				CLANG_WARN_BLOCK_CAPTURE_AUTORELEASING = YES;
				CLANG_WARN_BOOL_CONVERSION = YES;
				CLANG_WARN_COMMA = YES;
				CLANG_WARN_CONSTANT_CONVERSION = YES;
				CLANG_WARN_DEPRECATED_OBJC_IMPLEMENTATIONS = YES;
				CLANG_WARN_DIRECT_OBJC_ISA_USAGE = YES_ERROR;
				CLANG_WARN_DOCUMENTATION_COMMENTS = YES;
				CLANG_WARN_EMPTY_BODY = YES;
				CLANG_WARN_ENUM_CONVERSION = YES;
				CLANG_WARN_INFINITE_RECURSION = YES;
				CLANG_WARN_INT_CONVERSION = YES;
				CLANG_WARN_NON_LITERAL_NULL_CONVERSION = YES;
				CLANG_WARN_OBJC_IMPLICIT_RETAIN_SELF = YES;
				CLANG_WARN_OBJC_LITERAL_CONVERSION = YES;
				CLANG_WARN_OBJC_ROOT_CLASS = YES_ERROR;
				CLANG_WARN_QUOTED_INCLUDE_IN_FRAMEWORK_HEADER = YES;
				CLANG_WARN_RANGE_LOOP_ANALYSIS = YES;
				CLANG_WARN_STRICT_PROTOTYPES = YES;
				CLANG_WARN_SUSPICIOUS_MOVE = YES;
				CLANG_WARN_UNGUARDED_AVAILABILITY = YES_AGGRESSIVE;
				CLANG_WARN_UNREACHABLE_CODE = YES;
				CLANG_WARN__DUPLICATE_METHOD_MATCH = YES;
				COPY_PHASE_STRIP = NO;
				DEBUG_INFORMATION_FORMAT = "dwarf-with-dsym";
				ENABLE_NS_ASSERTIONS = NO;
				ENABLE_STRICT_OBJC_MSGSEND = YES;
				GCC_C_LANGUAGE_STANDARD = gnu11;
				GCC_NO_COMMON_BLOCKS = YES;
				GCC_WARN_64_TO_32_BIT_CONVERSION = YES;
				GCC_WARN_ABOUT_RETURN_TYPE = YES_ERROR;
				GCC_WARN_UNDECLARED_SELECTOR = YES;
				GCC_WARN_UNINITIALIZED_AUTOS = YES_AGGRESSIVE;
				GCC_WARN_UNUSED_FUNCTION = YES;
				GCC_WARN_UNUSED_VARIABLE = YES;
				IPHONEOS_DEPLOYMENT_TARGET = 15.0;
				MTL_ENABLE_DEBUG_INFO = NO;
				MTL_FAST_MATH = YES;
				SDKROOT = iphoneos;
				SWIFT_COMPILATION_MODE = wholemodule;
				SWIFT_OPTIMIZATION_LEVEL = "-O";
				VALIDATE_PRODUCT = YES;
			};
			name = Release;
		};
		00F2D846288049E000BE4176 /* Debug */ = {
			isa = XCBuildConfiguration;
			buildSettings = {
				ASSETCATALOG_COMPILER_APPICON_NAME = AppIcon;
				ASSETCATALOG_COMPILER_GLOBAL_ACCENT_COLOR_NAME = AccentColor;
				CODE_SIGN_STYLE = Automatic;
				CURRENT_PROJECT_VERSION = 1;
				GENERATE_INFOPLIST_FILE = YES;
				INFOPLIST_FILE = dorm/Resource/Info.plist;
				INFOPLIST_KEY_UIApplicationSupportsIndirectInputEvents = YES;
				INFOPLIST_KEY_UILaunchStoryboardName = LaunchScreen.storyboard;
				INFOPLIST_KEY_UIMainStoryboardFile = Main;
				INFOPLIST_KEY_UISupportedInterfaceOrientations = "UIInterfaceOrientationLandscapeLeft UIInterfaceOrientationLandscapeRight";
				INFOPLIST_KEY_UISupportedInterfaceOrientations_iPhone = UIInterfaceOrientationPortrait;
				IPHONEOS_DEPLOYMENT_TARGET = 15.0;
				LD_RUNPATH_SEARCH_PATHS = (
					"$(inherited)",
					"@executable_path/Frameworks",
				);
				MARKETING_VERSION = 1.0;
				PRODUCT_BUNDLE_IDENTIFIER = team.momin.dorm;
				PRODUCT_NAME = "$(TARGET_NAME)";
				SUPPORTED_PLATFORMS = "iphoneos iphonesimulator";
				SUPPORTS_MACCATALYST = NO;
				SUPPORTS_MAC_DESIGNED_FOR_IPHONE_IPAD = NO;
				SWIFT_EMIT_LOC_STRINGS = YES;
				SWIFT_VERSION = 5.0;
				TARGETED_DEVICE_FAMILY = 2;
			};
			name = Debug;
		};
		00F2D847288049E000BE4176 /* Release */ = {
			isa = XCBuildConfiguration;
			buildSettings = {
				ASSETCATALOG_COMPILER_APPICON_NAME = AppIcon;
				ASSETCATALOG_COMPILER_GLOBAL_ACCENT_COLOR_NAME = AccentColor;
				CODE_SIGN_STYLE = Automatic;
				CURRENT_PROJECT_VERSION = 1;
				GENERATE_INFOPLIST_FILE = YES;
				INFOPLIST_FILE = dorm/Resource/Info.plist;
				INFOPLIST_KEY_UIApplicationSupportsIndirectInputEvents = YES;
				INFOPLIST_KEY_UILaunchStoryboardName = LaunchScreen.storyboard;
				INFOPLIST_KEY_UIMainStoryboardFile = Main;
				INFOPLIST_KEY_UISupportedInterfaceOrientations = "UIInterfaceOrientationLandscapeLeft UIInterfaceOrientationLandscapeRight";
				INFOPLIST_KEY_UISupportedInterfaceOrientations_iPhone = UIInterfaceOrientationPortrait;
				IPHONEOS_DEPLOYMENT_TARGET = 15.0;
				LD_RUNPATH_SEARCH_PATHS = (
					"$(inherited)",
					"@executable_path/Frameworks",
				);
				MARKETING_VERSION = 1.0;
				PRODUCT_BUNDLE_IDENTIFIER = team.momin.dorm;
				PRODUCT_NAME = "$(TARGET_NAME)";
				SUPPORTED_PLATFORMS = "iphoneos iphonesimulator";
				SUPPORTS_MACCATALYST = NO;
				SUPPORTS_MAC_DESIGNED_FOR_IPHONE_IPAD = NO;
				SWIFT_EMIT_LOC_STRINGS = YES;
				SWIFT_VERSION = 5.0;
				TARGETED_DEVICE_FAMILY = 2;
			};
			name = Release;
		};
/* End XCBuildConfiguration section */

/* Begin XCConfigurationList section */
		00F2D82C288049DE00BE4176 /* Build configuration list for PBXProject "dorm" */ = {
			isa = XCConfigurationList;
			buildConfigurations = (
				00F2D843288049E000BE4176 /* Debug */,
				00F2D844288049E000BE4176 /* Release */,
			);
			defaultConfigurationIsVisible = 0;
			defaultConfigurationName = Release;
		};
		00F2D845288049E000BE4176 /* Build configuration list for PBXNativeTarget "dorm" */ = {
			isa = XCConfigurationList;
			buildConfigurations = (
				00F2D846288049E000BE4176 /* Debug */,
				00F2D847288049E000BE4176 /* Release */,
			);
			defaultConfigurationIsVisible = 0;
			defaultConfigurationName = Release;
		};
/* End XCConfigurationList section */
	};
	rootObject = 00F2D829288049DE00BE4176 /* Project object */;
}
