// !$*UTF8*$!
{
	archiveVersion = 1;
	classes = {
	};
	objectVersion = 55;
	objects = {

/* Begin PBXBuildFile section */
		00B3189A28B71A6300B422EF /* PodormApp.swift in Sources */ = {isa = PBXBuildFile; fileRef = 00B3189928B71A6300B422EF /* PodormApp.swift */; };
		00B3189C28B71A6300B422EF /* ContentView.swift in Sources */ = {isa = PBXBuildFile; fileRef = 00B3189B28B71A6300B422EF /* ContentView.swift */; };
		00B3189E28B71A6500B422EF /* Assets.xcassets in Resources */ = {isa = PBXBuildFile; fileRef = 00B3189D28B71A6500B422EF /* Assets.xcassets */; };
		00B318A128B71A6500B422EF /* Preview Assets.xcassets in Resources */ = {isa = PBXBuildFile; fileRef = 00B318A028B71A6500B422EF /* Preview Assets.xcassets */; };
		00B318AB28B71A6500B422EF /* PodormTests.swift in Sources */ = {isa = PBXBuildFile; fileRef = 00B318AA28B71A6500B422EF /* PodormTests.swift */; };
		00B318B528B71A6500B422EF /* PodormUITests.swift in Sources */ = {isa = PBXBuildFile; fileRef = 00B318B428B71A6500B422EF /* PodormUITests.swift */; };
		00B318B728B71A6500B422EF /* PodormUITestsLaunchTests.swift in Sources */ = {isa = PBXBuildFile; fileRef = 00B318B628B71A6500B422EF /* PodormUITestsLaunchTests.swift */; };
/* End PBXBuildFile section */

/* Begin PBXContainerItemProxy section */
		00B318A728B71A6500B422EF /* PBXContainerItemProxy */ = {
			isa = PBXContainerItemProxy;
			containerPortal = 00B3188E28B71A6300B422EF /* Project object */;
			proxyType = 1;
			remoteGlobalIDString = 00B3189528B71A6300B422EF;
			remoteInfo = Podorm;
		};
		00B318B128B71A6500B422EF /* PBXContainerItemProxy */ = {
			isa = PBXContainerItemProxy;
			containerPortal = 00B3188E28B71A6300B422EF /* Project object */;
			proxyType = 1;
			remoteGlobalIDString = 00B3189528B71A6300B422EF;
			remoteInfo = Podorm;
		};
/* End PBXContainerItemProxy section */

/* Begin PBXFileReference section */
		00B3189628B71A6300B422EF /* Podorm.app */ = {isa = PBXFileReference; explicitFileType = wrapper.application; includeInIndex = 0; path = Podorm.app; sourceTree = BUILT_PRODUCTS_DIR; };
		00B3189928B71A6300B422EF /* PodormApp.swift */ = {isa = PBXFileReference; lastKnownFileType = sourcecode.swift; path = PodormApp.swift; sourceTree = "<group>"; };
		00B3189B28B71A6300B422EF /* ContentView.swift */ = {isa = PBXFileReference; lastKnownFileType = sourcecode.swift; path = ContentView.swift; sourceTree = "<group>"; };
		00B3189D28B71A6500B422EF /* Assets.xcassets */ = {isa = PBXFileReference; lastKnownFileType = folder.assetcatalog; path = Assets.xcassets; sourceTree = "<group>"; };
		00B318A028B71A6500B422EF /* Preview Assets.xcassets */ = {isa = PBXFileReference; lastKnownFileType = folder.assetcatalog; path = "Preview Assets.xcassets"; sourceTree = "<group>"; };
		00B318A628B71A6500B422EF /* PodormTests.xctest */ = {isa = PBXFileReference; explicitFileType = wrapper.cfbundle; includeInIndex = 0; path = PodormTests.xctest; sourceTree = BUILT_PRODUCTS_DIR; };
		00B318AA28B71A6500B422EF /* PodormTests.swift */ = {isa = PBXFileReference; lastKnownFileType = sourcecode.swift; path = PodormTests.swift; sourceTree = "<group>"; };
		00B318B028B71A6500B422EF /* PodormUITests.xctest */ = {isa = PBXFileReference; explicitFileType = wrapper.cfbundle; includeInIndex = 0; path = PodormUITests.xctest; sourceTree = BUILT_PRODUCTS_DIR; };
		00B318B428B71A6500B422EF /* PodormUITests.swift */ = {isa = PBXFileReference; lastKnownFileType = sourcecode.swift; path = PodormUITests.swift; sourceTree = "<group>"; };
		00B318B628B71A6500B422EF /* PodormUITestsLaunchTests.swift */ = {isa = PBXFileReference; lastKnownFileType = sourcecode.swift; path = PodormUITestsLaunchTests.swift; sourceTree = "<group>"; };
/* End PBXFileReference section */

/* Begin PBXFrameworksBuildPhase section */
		00B3189328B71A6300B422EF /* Frameworks */ = {
			isa = PBXFrameworksBuildPhase;
			buildActionMask = 2147483647;
			files = (
			);
			runOnlyForDeploymentPostprocessing = 0;
		};
		00B318A328B71A6500B422EF /* Frameworks */ = {
			isa = PBXFrameworksBuildPhase;
			buildActionMask = 2147483647;
			files = (
			);
			runOnlyForDeploymentPostprocessing = 0;
		};
		00B318AD28B71A6500B422EF /* Frameworks */ = {
			isa = PBXFrameworksBuildPhase;
			buildActionMask = 2147483647;
			files = (
			);
			runOnlyForDeploymentPostprocessing = 0;
		};
/* End PBXFrameworksBuildPhase section */

/* Begin PBXGroup section */
		00B3188D28B71A6300B422EF = {
			isa = PBXGroup;
			children = (
				00B3189828B71A6300B422EF /* Podorm */,
				00B318A928B71A6500B422EF /* PodormTests */,
				00B318B328B71A6500B422EF /* PodormUITests */,
				00B3189728B71A6300B422EF /* Products */,
			);
			sourceTree = "<group>";
		};
		00B3189728B71A6300B422EF /* Products */ = {
			isa = PBXGroup;
			children = (
				00B3189628B71A6300B422EF /* Podorm.app */,
				00B318A628B71A6500B422EF /* PodormTests.xctest */,
				00B318B028B71A6500B422EF /* PodormUITests.xctest */,
			);
			name = Products;
			sourceTree = "<group>";
		};
		00B3189828B71A6300B422EF /* Podorm */ = {
			isa = PBXGroup;
			children = (
				00B3189928B71A6300B422EF /* PodormApp.swift */,
				00B3189B28B71A6300B422EF /* ContentView.swift */,
				00B3189D28B71A6500B422EF /* Assets.xcassets */,
				00B3189F28B71A6500B422EF /* Preview Content */,
			);
			path = Podorm;
			sourceTree = "<group>";
		};
		00B3189F28B71A6500B422EF /* Preview Content */ = {
			isa = PBXGroup;
			children = (
				00B318A028B71A6500B422EF /* Preview Assets.xcassets */,
			);
			path = "Preview Content";
			sourceTree = "<group>";
		};
		00B318A928B71A6500B422EF /* PodormTests */ = {
			isa = PBXGroup;
			children = (
				00B318AA28B71A6500B422EF /* PodormTests.swift */,
			);
			path = PodormTests;
			sourceTree = "<group>";
		};
		00B318B328B71A6500B422EF /* PodormUITests */ = {
			isa = PBXGroup;
			children = (
				00B318B428B71A6500B422EF /* PodormUITests.swift */,
				00B318B628B71A6500B422EF /* PodormUITestsLaunchTests.swift */,
			);
			path = PodormUITests;
			sourceTree = "<group>";
		};
/* End PBXGroup section */

/* Begin PBXNativeTarget section */
		00B3189528B71A6300B422EF /* Podorm */ = {
			isa = PBXNativeTarget;
			buildConfigurationList = 00B318BA28B71A6500B422EF /* Build configuration list for PBXNativeTarget "Podorm" */;
			buildPhases = (
				00B3189228B71A6300B422EF /* Sources */,
				00B3189328B71A6300B422EF /* Frameworks */,
				00B3189428B71A6300B422EF /* Resources */,
			);
			buildRules = (
			);
			dependencies = (
			);
			name = Podorm;
			productName = Podorm;
			productReference = 00B3189628B71A6300B422EF /* Podorm.app */;
			productType = "com.apple.product-type.application";
		};
		00B318A528B71A6500B422EF /* PodormTests */ = {
			isa = PBXNativeTarget;
			buildConfigurationList = 00B318BD28B71A6500B422EF /* Build configuration list for PBXNativeTarget "PodormTests" */;
			buildPhases = (
				00B318A228B71A6500B422EF /* Sources */,
				00B318A328B71A6500B422EF /* Frameworks */,
				00B318A428B71A6500B422EF /* Resources */,
			);
			buildRules = (
			);
			dependencies = (
				00B318A828B71A6500B422EF /* PBXTargetDependency */,
			);
			name = PodormTests;
			productName = PodormTests;
			productReference = 00B318A628B71A6500B422EF /* PodormTests.xctest */;
			productType = "com.apple.product-type.bundle.unit-test";
		};
		00B318AF28B71A6500B422EF /* PodormUITests */ = {
			isa = PBXNativeTarget;
			buildConfigurationList = 00B318C028B71A6500B422EF /* Build configuration list for PBXNativeTarget "PodormUITests" */;
			buildPhases = (
				00B318AC28B71A6500B422EF /* Sources */,
				00B318AD28B71A6500B422EF /* Frameworks */,
				00B318AE28B71A6500B422EF /* Resources */,
			);
			buildRules = (
			);
			dependencies = (
				00B318B228B71A6500B422EF /* PBXTargetDependency */,
			);
			name = PodormUITests;
			productName = PodormUITests;
			productReference = 00B318B028B71A6500B422EF /* PodormUITests.xctest */;
			productType = "com.apple.product-type.bundle.ui-testing";
		};
/* End PBXNativeTarget section */

/* Begin PBXProject section */
		00B3188E28B71A6300B422EF /* Project object */ = {
			isa = PBXProject;
			attributes = {
				BuildIndependentTargetsInParallel = 1;
				LastSwiftUpdateCheck = 1340;
				LastUpgradeCheck = 1340;
				TargetAttributes = {
					00B3189528B71A6300B422EF = {
						CreatedOnToolsVersion = 13.4.1;
					};
					00B318A528B71A6500B422EF = {
						CreatedOnToolsVersion = 13.4.1;
						TestTargetID = 00B3189528B71A6300B422EF;
					};
					00B318AF28B71A6500B422EF = {
						CreatedOnToolsVersion = 13.4.1;
						TestTargetID = 00B3189528B71A6300B422EF;
					};
				};
			};
			buildConfigurationList = 00B3189128B71A6300B422EF /* Build configuration list for PBXProject "Podorm" */;
			compatibilityVersion = "Xcode 13.0";
			developmentRegion = en;
			hasScannedForEncodings = 0;
			knownRegions = (
				en,
				Base,
			);
			mainGroup = 00B3188D28B71A6300B422EF;
			productRefGroup = 00B3189728B71A6300B422EF /* Products */;
			projectDirPath = "";
			projectRoot = "";
			targets = (
				00B3189528B71A6300B422EF /* Podorm */,
				00B318A528B71A6500B422EF /* PodormTests */,
				00B318AF28B71A6500B422EF /* PodormUITests */,
			);
		};
/* End PBXProject section */

/* Begin PBXResourcesBuildPhase section */
		00B3189428B71A6300B422EF /* Resources */ = {
			isa = PBXResourcesBuildPhase;
			buildActionMask = 2147483647;
			files = (
				00B318A128B71A6500B422EF /* Preview Assets.xcassets in Resources */,
				00B3189E28B71A6500B422EF /* Assets.xcassets in Resources */,
			);
			runOnlyForDeploymentPostprocessing = 0;
		};
		00B318A428B71A6500B422EF /* Resources */ = {
			isa = PBXResourcesBuildPhase;
			buildActionMask = 2147483647;
			files = (
			);
			runOnlyForDeploymentPostprocessing = 0;
		};
		00B318AE28B71A6500B422EF /* Resources */ = {
			isa = PBXResourcesBuildPhase;
			buildActionMask = 2147483647;
			files = (
			);
			runOnlyForDeploymentPostprocessing = 0;
		};
/* End PBXResourcesBuildPhase section */

/* Begin PBXSourcesBuildPhase section */
		00B3189228B71A6300B422EF /* Sources */ = {
			isa = PBXSourcesBuildPhase;
			buildActionMask = 2147483647;
			files = (
				00B3189C28B71A6300B422EF /* ContentView.swift in Sources */,
				00B3189A28B71A6300B422EF /* PodormApp.swift in Sources */,
			);
			runOnlyForDeploymentPostprocessing = 0;
		};
		00B318A228B71A6500B422EF /* Sources */ = {
			isa = PBXSourcesBuildPhase;
			buildActionMask = 2147483647;
			files = (
				00B318AB28B71A6500B422EF /* PodormTests.swift in Sources */,
			);
			runOnlyForDeploymentPostprocessing = 0;
		};
		00B318AC28B71A6500B422EF /* Sources */ = {
			isa = PBXSourcesBuildPhase;
			buildActionMask = 2147483647;
			files = (
				00B318B528B71A6500B422EF /* PodormUITests.swift in Sources */,
				00B318B728B71A6500B422EF /* PodormUITestsLaunchTests.swift in Sources */,
			);
			runOnlyForDeploymentPostprocessing = 0;
		};
/* End PBXSourcesBuildPhase section */

/* Begin PBXTargetDependency section */
		00B318A828B71A6500B422EF /* PBXTargetDependency */ = {
			isa = PBXTargetDependency;
			target = 00B3189528B71A6300B422EF /* Podorm */;
			targetProxy = 00B318A728B71A6500B422EF /* PBXContainerItemProxy */;
		};
		00B318B228B71A6500B422EF /* PBXTargetDependency */ = {
			isa = PBXTargetDependency;
			target = 00B3189528B71A6300B422EF /* Podorm */;
			targetProxy = 00B318B128B71A6500B422EF /* PBXContainerItemProxy */;
		};
/* End PBXTargetDependency section */

/* Begin XCBuildConfiguration section */
		00B318B828B71A6500B422EF /* Debug */ = {
			isa = XCBuildConfiguration;
			buildSettings = {
				ALWAYS_SEARCH_USER_PATHS = NO;
				CLANG_ANALYZER_NONNULL = YES;
				CLANG_ANALYZER_NUMBER_OBJECT_CONVERSION = YES_AGGRESSIVE;
				CLANG_CXX_LANGUAGE_STANDARD = "gnu++17";
				CLANG_ENABLE_MODULES = YES;
				CLANG_ENABLE_OBJC_ARC = YES;
				CLANG_ENABLE_OBJC_WEAK = YES;
				CLANG_WARN_BLOCK_CAPTURE_AUTORELEASING = YES;
				CLANG_WARN_BOOL_CONVERSION = YES;
				CLANG_WARN_COMMA = YES;
				CLANG_WARN_CONSTANT_CONVERSION = YES;
				CLANG_WARN_DEPRECATED_OBJC_IMPLEMENTATIONS = YES;
				CLANG_WARN_DIRECT_OBJC_ISA_USAGE = YES_ERROR;
				CLANG_WARN_DOCUMENTATION_COMMENTS = YES;
				CLANG_WARN_EMPTY_BODY = YES;
				CLANG_WARN_ENUM_CONVERSION = YES;
				CLANG_WARN_INFINITE_RECURSION = YES;
				CLANG_WARN_INT_CONVERSION = YES;
				CLANG_WARN_NON_LITERAL_NULL_CONVERSION = YES;
				CLANG_WARN_OBJC_IMPLICIT_RETAIN_SELF = YES;
				CLANG_WARN_OBJC_LITERAL_CONVERSION = YES;
				CLANG_WARN_OBJC_ROOT_CLASS = YES_ERROR;
				CLANG_WARN_QUOTED_INCLUDE_IN_FRAMEWORK_HEADER = YES;
				CLANG_WARN_RANGE_LOOP_ANALYSIS = YES;
				CLANG_WARN_STRICT_PROTOTYPES = YES;
				CLANG_WARN_SUSPICIOUS_MOVE = YES;
				CLANG_WARN_UNGUARDED_AVAILABILITY = YES_AGGRESSIVE;
				CLANG_WARN_UNREACHABLE_CODE = YES;
				CLANG_WARN__DUPLICATE_METHOD_MATCH = YES;
				COPY_PHASE_STRIP = NO;
				DEBUG_INFORMATION_FORMAT = dwarf;
				ENABLE_STRICT_OBJC_MSGSEND = YES;
				ENABLE_TESTABILITY = YES;
				GCC_C_LANGUAGE_STANDARD = gnu11;
				GCC_DYNAMIC_NO_PIC = NO;
				GCC_NO_COMMON_BLOCKS = YES;
				GCC_OPTIMIZATION_LEVEL = 0;
				GCC_PREPROCESSOR_DEFINITIONS = (
					"DEBUG=1",
					"$(inherited)",
				);
				GCC_WARN_64_TO_32_BIT_CONVERSION = YES;
				GCC_WARN_ABOUT_RETURN_TYPE = YES_ERROR;
				GCC_WARN_UNDECLARED_SELECTOR = YES;
				GCC_WARN_UNINITIALIZED_AUTOS = YES_AGGRESSIVE;
				GCC_WARN_UNUSED_FUNCTION = YES;
				GCC_WARN_UNUSED_VARIABLE = YES;
				IPHONEOS_DEPLOYMENT_TARGET = 15.5;
				MTL_ENABLE_DEBUG_INFO = INCLUDE_SOURCE;
				MTL_FAST_MATH = YES;
				ONLY_ACTIVE_ARCH = YES;
				SDKROOT = iphoneos;
				SWIFT_ACTIVE_COMPILATION_CONDITIONS = DEBUG;
				SWIFT_OPTIMIZATION_LEVEL = "-Onone";
			};
			name = Debug;
		};
		00B318B928B71A6500B422EF /* Release */ = {
			isa = XCBuildConfiguration;
			buildSettings = {
				ALWAYS_SEARCH_USER_PATHS = NO;
				CLANG_ANALYZER_NONNULL = YES;
				CLANG_ANALYZER_NUMBER_OBJECT_CONVERSION = YES_AGGRESSIVE;
				CLANG_CXX_LANGUAGE_STANDARD = "gnu++17";
				CLANG_ENABLE_MODULES = YES;
				CLANG_ENABLE_OBJC_ARC = YES;
				CLANG_ENABLE_OBJC_WEAK = YES;
				CLANG_WARN_BLOCK_CAPTURE_AUTORELEASING = YES;
				CLANG_WARN_BOOL_CONVERSION = YES;
				CLANG_WARN_COMMA = YES;
				CLANG_WARN_CONSTANT_CONVERSION = YES;
				CLANG_WARN_DEPRECATED_OBJC_IMPLEMENTATIONS = YES;
				CLANG_WARN_DIRECT_OBJC_ISA_USAGE = YES_ERROR;
				CLANG_WARN_DOCUMENTATION_COMMENTS = YES;
				CLANG_WARN_EMPTY_BODY = YES;
				CLANG_WARN_ENUM_CONVERSION = YES;
				CLANG_WARN_INFINITE_RECURSION = YES;
				CLANG_WARN_INT_CONVERSION = YES;
				CLANG_WARN_NON_LITERAL_NULL_CONVERSION = YES;
				CLANG_WARN_OBJC_IMPLICIT_RETAIN_SELF = YES;
				CLANG_WARN_OBJC_LITERAL_CONVERSION = YES;
				CLANG_WARN_OBJC_ROOT_CLASS = YES_ERROR;
				CLANG_WARN_QUOTED_INCLUDE_IN_FRAMEWORK_HEADER = YES;
				CLANG_WARN_RANGE_LOOP_ANALYSIS = YES;
				CLANG_WARN_STRICT_PROTOTYPES = YES;
				CLANG_WARN_SUSPICIOUS_MOVE = YES;
				CLANG_WARN_UNGUARDED_AVAILABILITY = YES_AGGRESSIVE;
				CLANG_WARN_UNREACHABLE_CODE = YES;
				CLANG_WARN__DUPLICATE_METHOD_MATCH = YES;
				COPY_PHASE_STRIP = NO;
				DEBUG_INFORMATION_FORMAT = "dwarf-with-dsym";
				ENABLE_NS_ASSERTIONS = NO;
				ENABLE_STRICT_OBJC_MSGSEND = YES;
				GCC_C_LANGUAGE_STANDARD = gnu11;
				GCC_NO_COMMON_BLOCKS = YES;
				GCC_WARN_64_TO_32_BIT_CONVERSION = YES;
				GCC_WARN_ABOUT_RETURN_TYPE = YES_ERROR;
				GCC_WARN_UNDECLARED_SELECTOR = YES;
				GCC_WARN_UNINITIALIZED_AUTOS = YES_AGGRESSIVE;
				GCC_WARN_UNUSED_FUNCTION = YES;
				GCC_WARN_UNUSED_VARIABLE = YES;
				IPHONEOS_DEPLOYMENT_TARGET = 15.5;
				MTL_ENABLE_DEBUG_INFO = NO;
				MTL_FAST_MATH = YES;
				SDKROOT = iphoneos;
				SWIFT_COMPILATION_MODE = wholemodule;
				SWIFT_OPTIMIZATION_LEVEL = "-O";
				VALIDATE_PRODUCT = YES;
			};
			name = Release;
		};
		00B318BB28B71A6500B422EF /* Debug */ = {
			isa = XCBuildConfiguration;
			buildSettings = {
				ASSETCATALOG_COMPILER_APPICON_NAME = AppIcon;
				ASSETCATALOG_COMPILER_GLOBAL_ACCENT_COLOR_NAME = AccentColor;
				CODE_SIGN_STYLE = Automatic;
				CURRENT_PROJECT_VERSION = 1;
				DEVELOPMENT_ASSET_PATHS = "\"Podorm/Preview Content\"";
				DEVELOPMENT_TEAM = 44RS35G3C5;
				ENABLE_PREVIEWS = YES;
				GENERATE_INFOPLIST_FILE = YES;
				INFOPLIST_KEY_UIApplicationSceneManifest_Generation = YES;
				INFOPLIST_KEY_UIApplicationSupportsIndirectInputEvents = YES;
				INFOPLIST_KEY_UILaunchScreen_Generation = YES;
				INFOPLIST_KEY_UISupportedInterfaceOrientations_iPad = "UIInterfaceOrientationPortrait UIInterfaceOrientationPortraitUpsideDown UIInterfaceOrientationLandscapeLeft UIInterfaceOrientationLandscapeRight";
				INFOPLIST_KEY_UISupportedInterfaceOrientations_iPhone = "UIInterfaceOrientationPortrait UIInterfaceOrientationLandscapeLeft UIInterfaceOrientationLandscapeRight";
				LD_RUNPATH_SEARCH_PATHS = (
					"$(inherited)",
					"@executable_path/Frameworks",
				);
				MARKETING_VERSION = 1.0;
				PRODUCT_BUNDLE_IDENTIFIER = team.momin.Podorm;
				PRODUCT_NAME = "$(TARGET_NAME)";
				SWIFT_EMIT_LOC_STRINGS = YES;
				SWIFT_VERSION = 5.0;
				TARGETED_DEVICE_FAMILY = "1,2";
			};
			name = Debug;
		};
		00B318BC28B71A6500B422EF /* Release */ = {
			isa = XCBuildConfiguration;
			buildSettings = {
				ASSETCATALOG_COMPILER_APPICON_NAME = AppIcon;
				ASSETCATALOG_COMPILER_GLOBAL_ACCENT_COLOR_NAME = AccentColor;
				CODE_SIGN_STYLE = Automatic;
				CURRENT_PROJECT_VERSION = 1;
				DEVELOPMENT_ASSET_PATHS = "\"Podorm/Preview Content\"";
				DEVELOPMENT_TEAM = 44RS35G3C5;
				ENABLE_PREVIEWS = YES;
				GENERATE_INFOPLIST_FILE = YES;
				INFOPLIST_KEY_UIApplicationSceneManifest_Generation = YES;
				INFOPLIST_KEY_UIApplicationSupportsIndirectInputEvents = YES;
				INFOPLIST_KEY_UILaunchScreen_Generation = YES;
				INFOPLIST_KEY_UISupportedInterfaceOrientations_iPad = "UIInterfaceOrientationPortrait UIInterfaceOrientationPortraitUpsideDown UIInterfaceOrientationLandscapeLeft UIInterfaceOrientationLandscapeRight";
				INFOPLIST_KEY_UISupportedInterfaceOrientations_iPhone = "UIInterfaceOrientationPortrait UIInterfaceOrientationLandscapeLeft UIInterfaceOrientationLandscapeRight";
				LD_RUNPATH_SEARCH_PATHS = (
					"$(inherited)",
					"@executable_path/Frameworks",
				);
				MARKETING_VERSION = 1.0;
				PRODUCT_BUNDLE_IDENTIFIER = team.momin.Podorm;
				PRODUCT_NAME = "$(TARGET_NAME)";
				SWIFT_EMIT_LOC_STRINGS = YES;
				SWIFT_VERSION = 5.0;
				TARGETED_DEVICE_FAMILY = "1,2";
			};
			name = Release;
		};
		00B318BE28B71A6500B422EF /* Debug */ = {
			isa = XCBuildConfiguration;
			buildSettings = {
				ALWAYS_EMBED_SWIFT_STANDARD_LIBRARIES = YES;
				BUNDLE_LOADER = "$(TEST_HOST)";
				CODE_SIGN_STYLE = Automatic;
				CURRENT_PROJECT_VERSION = 1;
				DEVELOPMENT_TEAM = 44RS35G3C5;
				GENERATE_INFOPLIST_FILE = YES;
				IPHONEOS_DEPLOYMENT_TARGET = 15.5;
				MARKETING_VERSION = 1.0;
				PRODUCT_BUNDLE_IDENTIFIER = team.momin.PodormTests;
				PRODUCT_NAME = "$(TARGET_NAME)";
				SWIFT_EMIT_LOC_STRINGS = NO;
				SWIFT_VERSION = 5.0;
				TARGETED_DEVICE_FAMILY = "1,2";
				TEST_HOST = "$(BUILT_PRODUCTS_DIR)/Podorm.app/Podorm";
			};
			name = Debug;
		};
		00B318BF28B71A6500B422EF /* Release */ = {
			isa = XCBuildConfiguration;
			buildSettings = {
				ALWAYS_EMBED_SWIFT_STANDARD_LIBRARIES = YES;
				BUNDLE_LOADER = "$(TEST_HOST)";
				CODE_SIGN_STYLE = Automatic;
				CURRENT_PROJECT_VERSION = 1;
				DEVELOPMENT_TEAM = 44RS35G3C5;
				GENERATE_INFOPLIST_FILE = YES;
				IPHONEOS_DEPLOYMENT_TARGET = 15.5;
				MARKETING_VERSION = 1.0;
				PRODUCT_BUNDLE_IDENTIFIER = team.momin.PodormTests;
				PRODUCT_NAME = "$(TARGET_NAME)";
				SWIFT_EMIT_LOC_STRINGS = NO;
				SWIFT_VERSION = 5.0;
				TARGETED_DEVICE_FAMILY = "1,2";
				TEST_HOST = "$(BUILT_PRODUCTS_DIR)/Podorm.app/Podorm";
			};
			name = Release;
		};
		00B318C128B71A6500B422EF /* Debug */ = {
			isa = XCBuildConfiguration;
			buildSettings = {
				ALWAYS_EMBED_SWIFT_STANDARD_LIBRARIES = YES;
				CODE_SIGN_STYLE = Automatic;
				CURRENT_PROJECT_VERSION = 1;
				DEVELOPMENT_TEAM = 44RS35G3C5;
				GENERATE_INFOPLIST_FILE = YES;
				MARKETING_VERSION = 1.0;
				PRODUCT_BUNDLE_IDENTIFIER = team.momin.PodormUITests;
				PRODUCT_NAME = "$(TARGET_NAME)";
				SWIFT_EMIT_LOC_STRINGS = NO;
				SWIFT_VERSION = 5.0;
				TARGETED_DEVICE_FAMILY = "1,2";
				TEST_TARGET_NAME = Podorm;
			};
			name = Debug;
		};
		00B318C228B71A6500B422EF /* Release */ = {
			isa = XCBuildConfiguration;
			buildSettings = {
				ALWAYS_EMBED_SWIFT_STANDARD_LIBRARIES = YES;
				CODE_SIGN_STYLE = Automatic;
				CURRENT_PROJECT_VERSION = 1;
				DEVELOPMENT_TEAM = 44RS35G3C5;
				GENERATE_INFOPLIST_FILE = YES;
				MARKETING_VERSION = 1.0;
				PRODUCT_BUNDLE_IDENTIFIER = team.momin.PodormUITests;
				PRODUCT_NAME = "$(TARGET_NAME)";
				SWIFT_EMIT_LOC_STRINGS = NO;
				SWIFT_VERSION = 5.0;
				TARGETED_DEVICE_FAMILY = "1,2";
				TEST_TARGET_NAME = Podorm;
			};
			name = Release;
		};
/* End XCBuildConfiguration section */

/* Begin XCConfigurationList section */
		00B3189128B71A6300B422EF /* Build configuration list for PBXProject "Podorm" */ = {
			isa = XCConfigurationList;
			buildConfigurations = (
				00B318B828B71A6500B422EF /* Debug */,
				00B318B928B71A6500B422EF /* Release */,
			);
			defaultConfigurationIsVisible = 0;
			defaultConfigurationName = Release;
		};
		00B318BA28B71A6500B422EF /* Build configuration list for PBXNativeTarget "Podorm" */ = {
			isa = XCConfigurationList;
			buildConfigurations = (
				00B318BB28B71A6500B422EF /* Debug */,
				00B318BC28B71A6500B422EF /* Release */,
			);
			defaultConfigurationIsVisible = 0;
			defaultConfigurationName = Release;
		};
		00B318BD28B71A6500B422EF /* Build configuration list for PBXNativeTarget "PodormTests" */ = {
			isa = XCConfigurationList;
			buildConfigurations = (
				00B318BE28B71A6500B422EF /* Debug */,
				00B318BF28B71A6500B422EF /* Release */,
			);
			defaultConfigurationIsVisible = 0;
			defaultConfigurationName = Release;
		};
		00B318C028B71A6500B422EF /* Build configuration list for PBXNativeTarget "PodormUITests" */ = {
			isa = XCConfigurationList;
			buildConfigurations = (
				00B318C128B71A6500B422EF /* Debug */,
				00B318C228B71A6500B422EF /* Release */,
			);
			defaultConfigurationIsVisible = 0;
			defaultConfigurationName = Release;
		};
/* End XCConfigurationList section */
	};
	rootObject = 00B3188E28B71A6300B422EF /* Project object */;
}
