// !$*UTF8*$!
{
	archiveVersion = 1;
	classes = {
	};
	objectVersion = 55;
	objects = {

/* Begin PBXBuildFile section */
		00B3189A28B71A6300B422EF /* PodormApp.swift in Sources */ = {isa = PBXBuildFile; fileRef = 00B3189928B71A6300B422EF /* PodormApp.swift */; };
		00B3189C28B71A6300B422EF /* ContentView.swift in Sources */ = {isa = PBXBuildFile; fileRef = 00B3189B28B71A6300B422EF /* ContentView.swift */; };
		00B3189E28B71A6500B422EF /* Assets.xcassets in Resources */ = {isa = PBXBuildFile; fileRef = 00B3189D28B71A6500B422EF /* Assets.xcassets */; };
		00B318A128B71A6500B422EF /* Preview Assets.xcassets in Resources */ = {isa = PBXBuildFile; fileRef = 00B318A028B71A6500B422EF /* Preview Assets.xcassets */; };
		00B318B528B71A6500B422EF /* PodormUITests.swift in Sources */ = {isa = PBXBuildFile; fileRef = 00B318B428B71A6500B422EF /* PodormUITests.swift */; };
		00B318B728B71A6500B422EF /* PodormUITestsLaunchTests.swift in Sources */ = {isa = PBXBuildFile; fileRef = 00B318B628B71A6500B422EF /* PodormUITestsLaunchTests.swift */; };
		00BBBF2628B8CE430070D177 /* AppState.swift in Sources */ = {isa = PBXBuildFile; fileRef = 00BBBF2528B8CE430070D177 /* AppState.swift */; };
		00BBBF2828B8CE5D0070D177 /* Helpers.swift in Sources */ = {isa = PBXBuildFile; fileRef = 00BBBF2728B8CE5D0070D177 /* Helpers.swift */; };
		00BBBF2A28B8CE620070D177 /* Loadable.swift in Sources */ = {isa = PBXBuildFile; fileRef = 00BBBF2928B8CE620070D177 /* Loadable.swift */; };
		00BBBF2C28B8CEB50070D177 /* Color.swift in Sources */ = {isa = PBXBuildFile; fileRef = 00BBBF2B28B8CEB50070D177 /* Color.swift */; };
		00BBBF2E28B8CEE80070D177 /* DIContainer.swift in Sources */ = {isa = PBXBuildFile; fileRef = 00BBBF2D28B8CEE80070D177 /* DIContainer.swift */; };
		00BBBF3028B8CEF50070D177 /* Interactors.swift in Sources */ = {isa = PBXBuildFile; fileRef = 00BBBF2F28B8CEF50070D177 /* Interactors.swift */; };
		00BBBF3228B8D0570070D177 /* Student.swift in Sources */ = {isa = PBXBuildFile; fileRef = 00BBBF3128B8D0570070D177 /* Student.swift */; };
		00BBBF3428B8D0620070D177 /* Room.swift in Sources */ = {isa = PBXBuildFile; fileRef = 00BBBF3328B8D0620070D177 /* Room.swift */; };
		00BBBF3628B8D0C10070D177 /* .swiftlint.yml in Resources */ = {isa = PBXBuildFile; fileRef = 00BBBF3528B8D0C10070D177 /* .swiftlint.yml */; };
		00BBBF3C28B8D57B0070D177 /* RoomManager.swift in Sources */ = {isa = PBXBuildFile; fileRef = 00BBBF3B28B8D57B0070D177 /* RoomManager.swift */; };
		00BBBF3E28B8D5C40070D177 /* RoomGridCell.swift in Sources */ = {isa = PBXBuildFile; fileRef = 00BBBF3D28B8D5C40070D177 /* RoomGridCell.swift */; };
		00BBBF4028B8D6490070D177 /* MockData.swift in Sources */ = {isa = PBXBuildFile; fileRef = 00BBBF3F28B8D6490070D177 /* MockData.swift */; };
		00E3912128BF8CC8009233A0 /* GoogleService-Info.plist in Resources */ = {isa = PBXBuildFile; fileRef = 00E3912028BF8CC8009233A0 /* GoogleService-Info.plist */; };
		00E3912428BF8D61009233A0 /* FirebaseAuth in Frameworks */ = {isa = PBXBuildFile; productRef = 00E3912328BF8D61009233A0 /* FirebaseAuth */; };
		00E3912628BF8D61009233A0 /* FirebaseFirestore in Frameworks */ = {isa = PBXBuildFile; productRef = 00E3912528BF8D61009233A0 /* FirebaseFirestore */; };
		00E3912828BF8D61009233A0 /* FirebaseFirestoreSwift in Frameworks */ = {isa = PBXBuildFile; productRef = 00E3912728BF8D61009233A0 /* FirebaseFirestoreSwift */; };
		00E3912A28BF8D61009233A0 /* FirebaseStorage in Frameworks */ = {isa = PBXBuildFile; productRef = 00E3912928BF8D61009233A0 /* FirebaseStorage */; };
		00E3912D28BF8DE5009233A0 /* RoomRepositoryTest.swift in Sources */ = {isa = PBXBuildFile; fileRef = 00E3912C28BF8DE5009233A0 /* RoomRepositoryTest.swift */; };
		00E3912F28BF90DC009233A0 /* RoomRepository.swift in Sources */ = {isa = PBXBuildFile; fileRef = 00E3912E28BF90DC009233A0 /* RoomRepository.swift */; };
		00E3913128BF91A2009233A0 /* FirebaseRoomRepository.swift in Sources */ = {isa = PBXBuildFile; fileRef = 00E3913028BF91A2009233A0 /* FirebaseRoomRepository.swift */; };
		2A92EACE28C3975B002DC4CB /* DocumentPickerInteractor.swift in Sources */ = {isa = PBXBuildFile; fileRef = 2A92EACD28C3975B002DC4CB /* DocumentPickerInteractor.swift */; };
		2AF2F74F28BBD8C100F993DA /* DocumentPickerView.swift in Sources */ = {isa = PBXBuildFile; fileRef = 2AF2F74E28BBD8C100F993DA /* DocumentPickerView.swift */; };
/* End PBXBuildFile section */

/* Begin PBXContainerItemProxy section */
		00B318A728B71A6500B422EF /* PBXContainerItemProxy */ = {
			isa = PBXContainerItemProxy;
			containerPortal = 00B3188E28B71A6300B422EF /* Project object */;
			proxyType = 1;
			remoteGlobalIDString = 00B3189528B71A6300B422EF;
			remoteInfo = Podorm;
		};
		00B318B128B71A6500B422EF /* PBXContainerItemProxy */ = {
			isa = PBXContainerItemProxy;
			containerPortal = 00B3188E28B71A6300B422EF /* Project object */;
			proxyType = 1;
			remoteGlobalIDString = 00B3189528B71A6300B422EF;
			remoteInfo = Podorm;
		};
/* End PBXContainerItemProxy section */

/* Begin PBXFileReference section */
		00B3189628B71A6300B422EF /* Podorm.app */ = {isa = PBXFileReference; explicitFileType = wrapper.application; includeInIndex = 0; path = Podorm.app; sourceTree = BUILT_PRODUCTS_DIR; };
		00B3189928B71A6300B422EF /* PodormApp.swift */ = {isa = PBXFileReference; lastKnownFileType = sourcecode.swift; path = PodormApp.swift; sourceTree = "<group>"; };
		00B3189B28B71A6300B422EF /* ContentView.swift */ = {isa = PBXFileReference; lastKnownFileType = sourcecode.swift; path = ContentView.swift; sourceTree = "<group>"; };
		00B3189D28B71A6500B422EF /* Assets.xcassets */ = {isa = PBXFileReference; lastKnownFileType = folder.assetcatalog; path = Assets.xcassets; sourceTree = "<group>"; };
		00B318A028B71A6500B422EF /* Preview Assets.xcassets */ = {isa = PBXFileReference; lastKnownFileType = folder.assetcatalog; path = "Preview Assets.xcassets"; sourceTree = "<group>"; };
		00B318A628B71A6500B422EF /* PodormTests.xctest */ = {isa = PBXFileReference; explicitFileType = wrapper.cfbundle; includeInIndex = 0; path = PodormTests.xctest; sourceTree = BUILT_PRODUCTS_DIR; };
		00B318B028B71A6500B422EF /* PodormUITests.xctest */ = {isa = PBXFileReference; explicitFileType = wrapper.cfbundle; includeInIndex = 0; path = PodormUITests.xctest; sourceTree = BUILT_PRODUCTS_DIR; };
		00B318B428B71A6500B422EF /* PodormUITests.swift */ = {isa = PBXFileReference; lastKnownFileType = sourcecode.swift; path = PodormUITests.swift; sourceTree = "<group>"; };
		00B318B628B71A6500B422EF /* PodormUITestsLaunchTests.swift */ = {isa = PBXFileReference; lastKnownFileType = sourcecode.swift; path = PodormUITestsLaunchTests.swift; sourceTree = "<group>"; };
		00B318CE28B71D5200B422EF /* Info.plist */ = {isa = PBXFileReference; lastKnownFileType = text.plist.xml; path = Info.plist; sourceTree = "<group>"; };
		00BBBF2528B8CE430070D177 /* AppState.swift */ = {isa = PBXFileReference; lastKnownFileType = sourcecode.swift; path = AppState.swift; sourceTree = "<group>"; };
		00BBBF2728B8CE5D0070D177 /* Helpers.swift */ = {isa = PBXFileReference; lastKnownFileType = sourcecode.swift; path = Helpers.swift; sourceTree = "<group>"; };
		00BBBF2928B8CE620070D177 /* Loadable.swift */ = {isa = PBXFileReference; lastKnownFileType = sourcecode.swift; path = Loadable.swift; sourceTree = "<group>"; };
		00BBBF2B28B8CEB50070D177 /* Color.swift */ = {isa = PBXFileReference; lastKnownFileType = sourcecode.swift; path = Color.swift; sourceTree = "<group>"; };
		00BBBF2D28B8CEE80070D177 /* DIContainer.swift */ = {isa = PBXFileReference; lastKnownFileType = sourcecode.swift; path = DIContainer.swift; sourceTree = "<group>"; };
		00BBBF2F28B8CEF50070D177 /* Interactors.swift */ = {isa = PBXFileReference; lastKnownFileType = sourcecode.swift; path = Interactors.swift; sourceTree = "<group>"; };
		00BBBF3128B8D0570070D177 /* Student.swift */ = {isa = PBXFileReference; lastKnownFileType = sourcecode.swift; path = Student.swift; sourceTree = "<group>"; };
		00BBBF3328B8D0620070D177 /* Room.swift */ = {isa = PBXFileReference; lastKnownFileType = sourcecode.swift; path = Room.swift; sourceTree = "<group>"; };
		00BBBF3528B8D0C10070D177 /* .swiftlint.yml */ = {isa = PBXFileReference; lastKnownFileType = text.yaml; path = .swiftlint.yml; sourceTree = "<group>"; };
		00BBBF3B28B8D57B0070D177 /* RoomManager.swift */ = {isa = PBXFileReference; lastKnownFileType = sourcecode.swift; path = RoomManager.swift; sourceTree = "<group>"; };
		00BBBF3D28B8D5C40070D177 /* RoomGridCell.swift */ = {isa = PBXFileReference; lastKnownFileType = sourcecode.swift; path = RoomGridCell.swift; sourceTree = "<group>"; };
		00BBBF3F28B8D6490070D177 /* MockData.swift */ = {isa = PBXFileReference; lastKnownFileType = sourcecode.swift; path = MockData.swift; sourceTree = "<group>"; };
		00E3912028BF8CC8009233A0 /* GoogleService-Info.plist */ = {isa = PBXFileReference; fileEncoding = 4; lastKnownFileType = text.plist.xml; path = "GoogleService-Info.plist"; sourceTree = "<group>"; };
		00E3912B28BF8DE5009233A0 /* PodormTests-Bridging-Header.h */ = {isa = PBXFileReference; lastKnownFileType = sourcecode.c.h; path = "PodormTests-Bridging-Header.h"; sourceTree = "<group>"; };
		00E3912C28BF8DE5009233A0 /* RoomRepositoryTest.swift */ = {isa = PBXFileReference; lastKnownFileType = sourcecode.swift; path = RoomRepositoryTest.swift; sourceTree = "<group>"; };
		00E3912E28BF90DC009233A0 /* RoomRepository.swift */ = {isa = PBXFileReference; lastKnownFileType = sourcecode.swift; path = RoomRepository.swift; sourceTree = "<group>"; };
		00E3913028BF91A2009233A0 /* FirebaseRoomRepository.swift */ = {isa = PBXFileReference; lastKnownFileType = sourcecode.swift; path = FirebaseRoomRepository.swift; sourceTree = "<group>"; };
		2A92EACD28C3975B002DC4CB /* DocumentPickerInteractor.swift */ = {isa = PBXFileReference; lastKnownFileType = sourcecode.swift; path = DocumentPickerInteractor.swift; sourceTree = "<group>"; };
		2AF2F74E28BBD8C100F993DA /* DocumentPickerView.swift */ = {isa = PBXFileReference; lastKnownFileType = sourcecode.swift; path = DocumentPickerView.swift; sourceTree = "<group>"; };
/* End PBXFileReference section */

/* Begin PBXFrameworksBuildPhase section */
		00B3189328B71A6300B422EF /* Frameworks */ = {
			isa = PBXFrameworksBuildPhase;
			buildActionMask = 2147483647;
			files = (
				00E3912428BF8D61009233A0 /* FirebaseAuth in Frameworks */,
				00E3912A28BF8D61009233A0 /* FirebaseStorage in Frameworks */,
				00E3912628BF8D61009233A0 /* FirebaseFirestore in Frameworks */,
				00E3912828BF8D61009233A0 /* FirebaseFirestoreSwift in Frameworks */,
			);
			runOnlyForDeploymentPostprocessing = 0;
		};
		00B318A328B71A6500B422EF /* Frameworks */ = {
			isa = PBXFrameworksBuildPhase;
			buildActionMask = 2147483647;
			files = (
			);
			runOnlyForDeploymentPostprocessing = 0;
		};
		00B318AD28B71A6500B422EF /* Frameworks */ = {
			isa = PBXFrameworksBuildPhase;
			buildActionMask = 2147483647;
			files = (
			);
			runOnlyForDeploymentPostprocessing = 0;
		};
/* End PBXFrameworksBuildPhase section */

/* Begin PBXGroup section */
		00B3188D28B71A6300B422EF = {
			isa = PBXGroup;
			children = (
				00E3912028BF8CC8009233A0 /* GoogleService-Info.plist */,
				00BBBF3528B8D0C10070D177 /* .swiftlint.yml */,
				00B3189828B71A6300B422EF /* Podorm */,
				00B318A928B71A6500B422EF /* PodormTests */,
				00B318B328B71A6500B422EF /* PodormUITests */,
				00B3189728B71A6300B422EF /* Products */,
			);
			sourceTree = "<group>";
		};
		00B3189728B71A6300B422EF /* Products */ = {
			isa = PBXGroup;
			children = (
				00B3189628B71A6300B422EF /* Podorm.app */,
				00B318A628B71A6500B422EF /* PodormTests.xctest */,
				00B318B028B71A6500B422EF /* PodormUITests.xctest */,
			);
			name = Products;
			sourceTree = "<group>";
		};
		00B3189828B71A6300B422EF /* Podorm */ = {
			isa = PBXGroup;
			children = (
				00B318CB28B71D0D00B422EF /* Injected */,
				00B318CF28B71E6200B422EF /* Interactors */,
				00B318CA28B71D0200B422EF /* Models */,
				00B318C928B71CFE00B422EF /* Repository */,
				00B318C328B71C5100B422EF /* Resources */,
				00B318C428B71C9400B422EF /* System */,
				00B318C528B71C9A00B422EF /* UI */,
				00B318C728B71CA500B422EF /* Utility */,
			);
			path = Podorm;
			sourceTree = "<group>";
		};
		00B3189F28B71A6500B422EF /* Preview Content */ = {
			isa = PBXGroup;
			children = (
				00B318A028B71A6500B422EF /* Preview Assets.xcassets */,
			);
			path = "Preview Content";
			sourceTree = "<group>";
		};
		00B318A928B71A6500B422EF /* PodormTests */ = {
			isa = PBXGroup;
			children = (
				00E3912C28BF8DE5009233A0 /* RoomRepositoryTest.swift */,
				00E3912B28BF8DE5009233A0 /* PodormTests-Bridging-Header.h */,
			);
			path = PodormTests;
			sourceTree = "<group>";
		};
		00B318B328B71A6500B422EF /* PodormUITests */ = {
			isa = PBXGroup;
			children = (
				00B318B428B71A6500B422EF /* PodormUITests.swift */,
				00B318B628B71A6500B422EF /* PodormUITestsLaunchTests.swift */,
			);
			path = PodormUITests;
			sourceTree = "<group>";
		};
		00B318C328B71C5100B422EF /* Resources */ = {
			isa = PBXGroup;
			children = (
				00B3189D28B71A6500B422EF /* Assets.xcassets */,
				00B318CE28B71D5200B422EF /* Info.plist */,
				00B3189F28B71A6500B422EF /* Preview Content */,
			);
			path = Resources;
			sourceTree = "<group>";
		};
		00B318C428B71C9400B422EF /* System */ = {
			isa = PBXGroup;
			children = (
				00B3189928B71A6300B422EF /* PodormApp.swift */,
			);
			path = System;
			sourceTree = "<group>";
		};
		00B318C528B71C9A00B422EF /* UI */ = {
			isa = PBXGroup;
			children = (
				00B318C628B71C9F00B422EF /* Screen */,
			);
			path = UI;
			sourceTree = "<group>";
		};
		00B318C628B71C9F00B422EF /* Screen */ = {
			isa = PBXGroup;
			children = (
				00BBBF3828B8D5630070D177 /* RoomManager */,
				00B3189B28B71A6300B422EF /* ContentView.swift */,
			);
			path = Screen;
			sourceTree = "<group>";
		};
		00B318C728B71CA500B422EF /* Utility */ = {
			isa = PBXGroup;
			children = (
				00BBBF2728B8CE5D0070D177 /* Helpers.swift */,
				00BBBF2928B8CE620070D177 /* Loadable.swift */,
				00BBBF2B28B8CEB50070D177 /* Color.swift */,
			);
			path = Utility;
			sourceTree = "<group>";
		};
		00B318C928B71CFE00B422EF /* Repository */ = {
			isa = PBXGroup;
			children = (
				00E3912E28BF90DC009233A0 /* RoomRepository.swift */,
				00E3913028BF91A2009233A0 /* FirebaseRoomRepository.swift */,
			);
			path = Repository;
			sourceTree = "<group>";
		};
		00B318CA28B71D0200B422EF /* Models */ = {
			isa = PBXGroup;
			children = (
				00BBBF3128B8D0570070D177 /* Student.swift */,
				00BBBF3328B8D0620070D177 /* Room.swift */,
				00BBBF3F28B8D6490070D177 /* MockData.swift */,
			);
			path = Models;
			sourceTree = "<group>";
		};
		00B318CB28B71D0D00B422EF /* Injected */ = {
			isa = PBXGroup;
			children = (
				00BBBF2528B8CE430070D177 /* AppState.swift */,
				00BBBF2D28B8CEE80070D177 /* DIContainer.swift */,
			);
			path = Injected;
			sourceTree = "<group>";
		};
		00B318CF28B71E6200B422EF /* Interactors */ = {
			isa = PBXGroup;
			children = (
				00BBBF2F28B8CEF50070D177 /* Interactors.swift */,
				2A92EACD28C3975B002DC4CB /* DocumentPickerInteractor.swift */,
			);
			path = Interactors;
			sourceTree = "<group>";
		};
		00BBBF3828B8D5630070D177 /* RoomManager */ = {
			isa = PBXGroup;
			children = (
				00BBBF3B28B8D57B0070D177 /* RoomManager.swift */,
				00BBBF3D28B8D5C40070D177 /* RoomGridCell.swift */,
				2AF2F74E28BBD8C100F993DA /* DocumentPickerView.swift */,
			);
			path = RoomManager;
			sourceTree = "<group>";
		};
/* End PBXGroup section */

/* Begin PBXNativeTarget section */
		00B3189528B71A6300B422EF /* Podorm */ = {
			isa = PBXNativeTarget;
			buildConfigurationList = 00B318BA28B71A6500B422EF /* Build configuration list for PBXNativeTarget "Podorm" */;
			buildPhases = (
				00BBBF3728B8D0D90070D177 /* Swiftlint script */,
				00B3189228B71A6300B422EF /* Sources */,
				00B3189328B71A6300B422EF /* Frameworks */,
				00B3189428B71A6300B422EF /* Resources */,
			);
			buildRules = (
			);
			dependencies = (
			);
			name = Podorm;
			packageProductDependencies = (
				00E3912328BF8D61009233A0 /* FirebaseAuth */,
				00E3912528BF8D61009233A0 /* FirebaseFirestore */,
				00E3912728BF8D61009233A0 /* FirebaseFirestoreSwift */,
				00E3912928BF8D61009233A0 /* FirebaseStorage */,
			);
			productName = Podorm;
			productReference = 00B3189628B71A6300B422EF /* Podorm.app */;
			productType = "com.apple.product-type.application";
		};
		00B318A528B71A6500B422EF /* PodormTests */ = {
			isa = PBXNativeTarget;
			buildConfigurationList = 00B318BD28B71A6500B422EF /* Build configuration list for PBXNativeTarget "PodormTests" */;
			buildPhases = (
				00B318A228B71A6500B422EF /* Sources */,
				00B318A328B71A6500B422EF /* Frameworks */,
				00B318A428B71A6500B422EF /* Resources */,
			);
			buildRules = (
			);
			dependencies = (
				00B318A828B71A6500B422EF /* PBXTargetDependency */,
			);
			name = PodormTests;
			productName = PodormTests;
			productReference = 00B318A628B71A6500B422EF /* PodormTests.xctest */;
			productType = "com.apple.product-type.bundle.unit-test";
		};
		00B318AF28B71A6500B422EF /* PodormUITests */ = {
			isa = PBXNativeTarget;
			buildConfigurationList = 00B318C028B71A6500B422EF /* Build configuration list for PBXNativeTarget "PodormUITests" */;
			buildPhases = (
				00B318AC28B71A6500B422EF /* Sources */,
				00B318AD28B71A6500B422EF /* Frameworks */,
				00B318AE28B71A6500B422EF /* Resources */,
			);
			buildRules = (
			);
			dependencies = (
				00B318B228B71A6500B422EF /* PBXTargetDependency */,
			);
			name = PodormUITests;
			productName = PodormUITests;
			productReference = 00B318B028B71A6500B422EF /* PodormUITests.xctest */;
			productType = "com.apple.product-type.bundle.ui-testing";
		};
/* End PBXNativeTarget section */

/* Begin PBXProject section */
		00B3188E28B71A6300B422EF /* Project object */ = {
			isa = PBXProject;
			attributes = {
				BuildIndependentTargetsInParallel = 1;
				LastSwiftUpdateCheck = 1340;
				LastUpgradeCheck = 1340;
				TargetAttributes = {
					00B3189528B71A6300B422EF = {
						CreatedOnToolsVersion = 13.4.1;
					};
					00B318A528B71A6500B422EF = {
						CreatedOnToolsVersion = 13.4.1;
						LastSwiftMigration = 1400;
						TestTargetID = 00B3189528B71A6300B422EF;
					};
					00B318AF28B71A6500B422EF = {
						CreatedOnToolsVersion = 13.4.1;
						TestTargetID = 00B3189528B71A6300B422EF;
					};
				};
			};
			buildConfigurationList = 00B3189128B71A6300B422EF /* Build configuration list for PBXProject "Podorm" */;
			compatibilityVersion = "Xcode 13.0";
			developmentRegion = en;
			hasScannedForEncodings = 0;
			knownRegions = (
				en,
				Base,
			);
			mainGroup = 00B3188D28B71A6300B422EF;
			packageReferences = (
				00E3912228BF8D61009233A0 /* XCRemoteSwiftPackageReference "firebase-ios-sdk" */,
			);
			productRefGroup = 00B3189728B71A6300B422EF /* Products */;
			projectDirPath = "";
			projectRoot = "";
			targets = (
				00B3189528B71A6300B422EF /* Podorm */,
				00B318A528B71A6500B422EF /* PodormTests */,
				00B318AF28B71A6500B422EF /* PodormUITests */,
			);
		};
/* End PBXProject section */

/* Begin PBXResourcesBuildPhase section */
		00B3189428B71A6300B422EF /* Resources */ = {
			isa = PBXResourcesBuildPhase;
			buildActionMask = 2147483647;
			files = (
				00BBBF3628B8D0C10070D177 /* .swiftlint.yml in Resources */,
				00E3912128BF8CC8009233A0 /* GoogleService-Info.plist in Resources */,
				00B318A128B71A6500B422EF /* Preview Assets.xcassets in Resources */,
				00B3189E28B71A6500B422EF /* Assets.xcassets in Resources */,
			);
			runOnlyForDeploymentPostprocessing = 0;
		};
		00B318A428B71A6500B422EF /* Resources */ = {
			isa = PBXResourcesBuildPhase;
			buildActionMask = 2147483647;
			files = (
			);
			runOnlyForDeploymentPostprocessing = 0;
		};
		00B318AE28B71A6500B422EF /* Resources */ = {
			isa = PBXResourcesBuildPhase;
			buildActionMask = 2147483647;
			files = (
			);
			runOnlyForDeploymentPostprocessing = 0;
		};
/* End PBXResourcesBuildPhase section */

/* Begin PBXShellScriptBuildPhase section */
		00BBBF3728B8D0D90070D177 /* Swiftlint script */ = {
			isa = PBXShellScriptBuildPhase;
			buildActionMask = 2147483647;
			files = (
			);
			inputFileListPaths = (
			);
			inputPaths = (
			);
			name = "Swiftlint script";
			outputFileListPaths = (
			);
			outputPaths = (
			);
			runOnlyForDeploymentPostprocessing = 0;
			shellPath = /bin/sh;
			shellScript = "export PATH=\"$PATH:/opt/homebrew/bin\" \nif which swiftlint > /dev/null; then\n  swiftlint\nelse\n  echo \"warning: SwiftLint not installed, download from https://github.com/realm/SwiftLint\"\nfi\n";
		};
/* End PBXShellScriptBuildPhase section */

/* Begin PBXSourcesBuildPhase section */
		00B3189228B71A6300B422EF /* Sources */ = {
			isa = PBXSourcesBuildPhase;
			buildActionMask = 2147483647;
			files = (
				00BBBF3E28B8D5C40070D177 /* RoomGridCell.swift in Sources */,
				00BBBF2E28B8CEE80070D177 /* DIContainer.swift in Sources */,
				00BBBF2628B8CE430070D177 /* AppState.swift in Sources */,
				00E3912F28BF90DC009233A0 /* RoomRepository.swift in Sources */,
				00BBBF4028B8D6490070D177 /* MockData.swift in Sources */,
				00E3913128BF91A2009233A0 /* FirebaseRoomRepository.swift in Sources */,
				00BBBF3028B8CEF50070D177 /* Interactors.swift in Sources */,
				2A92EACE28C3975B002DC4CB /* DocumentPickerInteractor.swift in Sources */,
				00B3189C28B71A6300B422EF /* ContentView.swift in Sources */,
				00BBBF3428B8D0620070D177 /* Room.swift in Sources */,
				00BBBF3228B8D0570070D177 /* Student.swift in Sources */,
				00B3189A28B71A6300B422EF /* PodormApp.swift in Sources */,
				00BBBF2828B8CE5D0070D177 /* Helpers.swift in Sources */,
				00BBBF2A28B8CE620070D177 /* Loadable.swift in Sources */,
				2AF2F74F28BBD8C100F993DA /* DocumentPickerView.swift in Sources */,
				00BBBF3C28B8D57B0070D177 /* RoomManager.swift in Sources */,
				00BBBF2C28B8CEB50070D177 /* Color.swift in Sources */,
			);
			runOnlyForDeploymentPostprocessing = 0;
		};
		00B318A228B71A6500B422EF /* Sources */ = {
			isa = PBXSourcesBuildPhase;
			buildActionMask = 2147483647;
			files = (
				00E3912D28BF8DE5009233A0 /* RoomRepositoryTest.swift in Sources */,
			);
			runOnlyForDeploymentPostprocessing = 0;
		};
		00B318AC28B71A6500B422EF /* Sources */ = {
			isa = PBXSourcesBuildPhase;
			buildActionMask = 2147483647;
			files = (
				00B318B528B71A6500B422EF /* PodormUITests.swift in Sources */,
				00B318B728B71A6500B422EF /* PodormUITestsLaunchTests.swift in Sources */,
			);
			runOnlyForDeploymentPostprocessing = 0;
		};
/* End PBXSourcesBuildPhase section */

/* Begin PBXTargetDependency section */
		00B318A828B71A6500B422EF /* PBXTargetDependency */ = {
			isa = PBXTargetDependency;
			target = 00B3189528B71A6300B422EF /* Podorm */;
			targetProxy = 00B318A728B71A6500B422EF /* PBXContainerItemProxy */;
		};
		00B318B228B71A6500B422EF /* PBXTargetDependency */ = {
			isa = PBXTargetDependency;
			target = 00B3189528B71A6300B422EF /* Podorm */;
			targetProxy = 00B318B128B71A6500B422EF /* PBXContainerItemProxy */;
		};
/* End PBXTargetDependency section */

/* Begin XCBuildConfiguration section */
		00B318B828B71A6500B422EF /* Debug */ = {
			isa = XCBuildConfiguration;
			buildSettings = {
				ALWAYS_SEARCH_USER_PATHS = NO;
				CLANG_ANALYZER_NONNULL = YES;
				CLANG_ANALYZER_NUMBER_OBJECT_CONVERSION = YES_AGGRESSIVE;
				CLANG_CXX_LANGUAGE_STANDARD = "gnu++17";
				CLANG_ENABLE_MODULES = YES;
				CLANG_ENABLE_OBJC_ARC = YES;
				CLANG_ENABLE_OBJC_WEAK = YES;
				CLANG_WARN_BLOCK_CAPTURE_AUTORELEASING = YES;
				CLANG_WARN_BOOL_CONVERSION = YES;
				CLANG_WARN_COMMA = YES;
				CLANG_WARN_CONSTANT_CONVERSION = YES;
				CLANG_WARN_DEPRECATED_OBJC_IMPLEMENTATIONS = YES;
				CLANG_WARN_DIRECT_OBJC_ISA_USAGE = YES_ERROR;
				CLANG_WARN_DOCUMENTATION_COMMENTS = YES;
				CLANG_WARN_EMPTY_BODY = YES;
				CLANG_WARN_ENUM_CONVERSION = YES;
				CLANG_WARN_INFINITE_RECURSION = YES;
				CLANG_WARN_INT_CONVERSION = YES;
				CLANG_WARN_NON_LITERAL_NULL_CONVERSION = YES;
				CLANG_WARN_OBJC_IMPLICIT_RETAIN_SELF = YES;
				CLANG_WARN_OBJC_LITERAL_CONVERSION = YES;
				CLANG_WARN_OBJC_ROOT_CLASS = YES_ERROR;
				CLANG_WARN_QUOTED_INCLUDE_IN_FRAMEWORK_HEADER = YES;
				CLANG_WARN_RANGE_LOOP_ANALYSIS = YES;
				CLANG_WARN_STRICT_PROTOTYPES = YES;
				CLANG_WARN_SUSPICIOUS_MOVE = YES;
				CLANG_WARN_UNGUARDED_AVAILABILITY = YES_AGGRESSIVE;
				CLANG_WARN_UNREACHABLE_CODE = YES;
				CLANG_WARN__DUPLICATE_METHOD_MATCH = YES;
				COPY_PHASE_STRIP = NO;
				DEBUG_INFORMATION_FORMAT = dwarf;
				ENABLE_STRICT_OBJC_MSGSEND = YES;
				ENABLE_TESTABILITY = YES;
				GCC_C_LANGUAGE_STANDARD = gnu11;
				GCC_DYNAMIC_NO_PIC = NO;
				GCC_NO_COMMON_BLOCKS = YES;
				GCC_OPTIMIZATION_LEVEL = 0;
				GCC_PREPROCESSOR_DEFINITIONS = (
					"DEBUG=1",
					"$(inherited)",
				);
				GCC_WARN_64_TO_32_BIT_CONVERSION = YES;
				GCC_WARN_ABOUT_RETURN_TYPE = YES_ERROR;
				GCC_WARN_UNDECLARED_SELECTOR = YES;
				GCC_WARN_UNINITIALIZED_AUTOS = YES_AGGRESSIVE;
				GCC_WARN_UNUSED_FUNCTION = YES;
				GCC_WARN_UNUSED_VARIABLE = YES;
				IPHONEOS_DEPLOYMENT_TARGET = 15.5;
				MTL_ENABLE_DEBUG_INFO = INCLUDE_SOURCE;
				MTL_FAST_MATH = YES;
				ONLY_ACTIVE_ARCH = YES;
				SDKROOT = iphoneos;
				SWIFT_ACTIVE_COMPILATION_CONDITIONS = DEBUG;
				SWIFT_OPTIMIZATION_LEVEL = "-Onone";
			};
			name = Debug;
		};
		00B318B928B71A6500B422EF /* Release */ = {
			isa = XCBuildConfiguration;
			buildSettings = {
				ALWAYS_SEARCH_USER_PATHS = NO;
				CLANG_ANALYZER_NONNULL = YES;
				CLANG_ANALYZER_NUMBER_OBJECT_CONVERSION = YES_AGGRESSIVE;
				CLANG_CXX_LANGUAGE_STANDARD = "gnu++17";
				CLANG_ENABLE_MODULES = YES;
				CLANG_ENABLE_OBJC_ARC = YES;
				CLANG_ENABLE_OBJC_WEAK = YES;
				CLANG_WARN_BLOCK_CAPTURE_AUTORELEASING = YES;
				CLANG_WARN_BOOL_CONVERSION = YES;
				CLANG_WARN_COMMA = YES;
				CLANG_WARN_CONSTANT_CONVERSION = YES;
				CLANG_WARN_DEPRECATED_OBJC_IMPLEMENTATIONS = YES;
				CLANG_WARN_DIRECT_OBJC_ISA_USAGE = YES_ERROR;
				CLANG_WARN_DOCUMENTATION_COMMENTS = YES;
				CLANG_WARN_EMPTY_BODY = YES;
				CLANG_WARN_ENUM_CONVERSION = YES;
				CLANG_WARN_INFINITE_RECURSION = YES;
				CLANG_WARN_INT_CONVERSION = YES;
				CLANG_WARN_NON_LITERAL_NULL_CONVERSION = YES;
				CLANG_WARN_OBJC_IMPLICIT_RETAIN_SELF = YES;
				CLANG_WARN_OBJC_LITERAL_CONVERSION = YES;
				CLANG_WARN_OBJC_ROOT_CLASS = YES_ERROR;
				CLANG_WARN_QUOTED_INCLUDE_IN_FRAMEWORK_HEADER = YES;
				CLANG_WARN_RANGE_LOOP_ANALYSIS = YES;
				CLANG_WARN_STRICT_PROTOTYPES = YES;
				CLANG_WARN_SUSPICIOUS_MOVE = YES;
				CLANG_WARN_UNGUARDED_AVAILABILITY = YES_AGGRESSIVE;
				CLANG_WARN_UNREACHABLE_CODE = YES;
				CLANG_WARN__DUPLICATE_METHOD_MATCH = YES;
				COPY_PHASE_STRIP = NO;
				DEBUG_INFORMATION_FORMAT = "dwarf-with-dsym";
				ENABLE_NS_ASSERTIONS = NO;
				ENABLE_STRICT_OBJC_MSGSEND = YES;
				GCC_C_LANGUAGE_STANDARD = gnu11;
				GCC_NO_COMMON_BLOCKS = YES;
				GCC_WARN_64_TO_32_BIT_CONVERSION = YES;
				GCC_WARN_ABOUT_RETURN_TYPE = YES_ERROR;
				GCC_WARN_UNDECLARED_SELECTOR = YES;
				GCC_WARN_UNINITIALIZED_AUTOS = YES_AGGRESSIVE;
				GCC_WARN_UNUSED_FUNCTION = YES;
				GCC_WARN_UNUSED_VARIABLE = YES;
				IPHONEOS_DEPLOYMENT_TARGET = 15.5;
				MTL_ENABLE_DEBUG_INFO = NO;
				MTL_FAST_MATH = YES;
				SDKROOT = iphoneos;
				SWIFT_COMPILATION_MODE = wholemodule;
				SWIFT_OPTIMIZATION_LEVEL = "-O";
				VALIDATE_PRODUCT = YES;
			};
			name = Release;
		};
		00B318BB28B71A6500B422EF /* Debug */ = {
			isa = XCBuildConfiguration;
			buildSettings = {
				ASSETCATALOG_COMPILER_APPICON_NAME = AppIcon;
				ASSETCATALOG_COMPILER_GLOBAL_ACCENT_COLOR_NAME = AccentColor;
				CODE_SIGN_STYLE = Automatic;
				CURRENT_PROJECT_VERSION = 1;
				DEVELOPMENT_ASSET_PATHS = "\"Podorm/Resources/Preview Content\"";
				DEVELOPMENT_TEAM = 25YUTG4RN5;
				ENABLE_PREVIEWS = YES;
				GENERATE_INFOPLIST_FILE = YES;
				INFOPLIST_FILE = Podorm/Resources/Info.plist;
				INFOPLIST_KEY_UIApplicationSupportsIndirectInputEvents = YES;
				INFOPLIST_KEY_UILaunchScreen_Generation = YES;
				INFOPLIST_KEY_UISupportedInterfaceOrientations_iPad = "UIInterfaceOrientationLandscapeLeft UIInterfaceOrientationLandscapeRight";
				INFOPLIST_KEY_UISupportedInterfaceOrientations_iPhone = "UIInterfaceOrientationPortrait UIInterfaceOrientationLandscapeLeft UIInterfaceOrientationLandscapeRight";
				IPHONEOS_DEPLOYMENT_TARGET = 15.0;
				LD_RUNPATH_SEARCH_PATHS = (
					"$(inherited)",
					"@executable_path/Frameworks",
				);
				MARKETING_VERSION = 1.0;
				PRODUCT_BUNDLE_IDENTIFIER = team.momin.Podorm;
				PRODUCT_NAME = "$(TARGET_NAME)";
				SWIFT_EMIT_LOC_STRINGS = YES;
				SWIFT_VERSION = 5.0;
				TARGETED_DEVICE_FAMILY = 2;
			};
			name = Debug;
		};
		00B318BC28B71A6500B422EF /* Release */ = {
			isa = XCBuildConfiguration;
			buildSettings = {
				ASSETCATALOG_COMPILER_APPICON_NAME = AppIcon;
				ASSETCATALOG_COMPILER_GLOBAL_ACCENT_COLOR_NAME = AccentColor;
				CODE_SIGN_STYLE = Automatic;
				CURRENT_PROJECT_VERSION = 1;
				DEVELOPMENT_ASSET_PATHS = "\"Podorm/Resources/Preview Content\"";
				DEVELOPMENT_TEAM = 25YUTG4RN5;
				ENABLE_PREVIEWS = YES;
				GENERATE_INFOPLIST_FILE = YES;
				INFOPLIST_FILE = Podorm/Resources/Info.plist;
				INFOPLIST_KEY_UIApplicationSupportsIndirectInputEvents = YES;
				INFOPLIST_KEY_UILaunchScreen_Generation = YES;
				INFOPLIST_KEY_UISupportedInterfaceOrientations_iPad = "UIInterfaceOrientationLandscapeLeft UIInterfaceOrientationLandscapeRight";
				INFOPLIST_KEY_UISupportedInterfaceOrientations_iPhone = "UIInterfaceOrientationPortrait UIInterfaceOrientationLandscapeLeft UIInterfaceOrientationLandscapeRight";
				IPHONEOS_DEPLOYMENT_TARGET = 15.0;
				LD_RUNPATH_SEARCH_PATHS = (
					"$(inherited)",
					"@executable_path/Frameworks",
				);
				MARKETING_VERSION = 1.0;
				PRODUCT_BUNDLE_IDENTIFIER = team.momin.Podorm;
				PRODUCT_NAME = "$(TARGET_NAME)";
				SWIFT_EMIT_LOC_STRINGS = YES;
				SWIFT_VERSION = 5.0;
				TARGETED_DEVICE_FAMILY = 2;
			};
			name = Release;
		};
		00B318BE28B71A6500B422EF /* Debug */ = {
			isa = XCBuildConfiguration;
			buildSettings = {
				ALWAYS_EMBED_SWIFT_STANDARD_LIBRARIES = YES;
				BUNDLE_LOADER = "$(TEST_HOST)";
				CLANG_ENABLE_MODULES = YES;
				CODE_SIGN_STYLE = Automatic;
				CURRENT_PROJECT_VERSION = 1;
				DEVELOPMENT_TEAM = 44RS35G3C5;
				GENERATE_INFOPLIST_FILE = YES;
				IPHONEOS_DEPLOYMENT_TARGET = 15.5;
				LD_RUNPATH_SEARCH_PATHS = (
					"$(inherited)",
					"@executable_path/Frameworks",
					"@loader_path/Frameworks",
				);
				MARKETING_VERSION = 1.0;
				PRODUCT_BUNDLE_IDENTIFIER = team.momin.PodormTests;
				PRODUCT_NAME = "$(TARGET_NAME)";
				SWIFT_EMIT_LOC_STRINGS = NO;
				SWIFT_OBJC_BRIDGING_HEADER = "PodormTests/PodormTests-Bridging-Header.h";
				SWIFT_OPTIMIZATION_LEVEL = "-Onone";
				SWIFT_VERSION = 5.0;
				TARGETED_DEVICE_FAMILY = "1,2";
				TEST_HOST = "$(BUILT_PRODUCTS_DIR)/Podorm.app/Podorm";
			};
			name = Debug;
		};
		00B318BF28B71A6500B422EF /* Release */ = {
			isa = XCBuildConfiguration;
			buildSettings = {
				ALWAYS_EMBED_SWIFT_STANDARD_LIBRARIES = YES;
				BUNDLE_LOADER = "$(TEST_HOST)";
				CLANG_ENABLE_MODULES = YES;
				CODE_SIGN_STYLE = Automatic;
				CURRENT_PROJECT_VERSION = 1;
				DEVELOPMENT_TEAM = 44RS35G3C5;
				GENERATE_INFOPLIST_FILE = YES;
				IPHONEOS_DEPLOYMENT_TARGET = 15.5;
				LD_RUNPATH_SEARCH_PATHS = (
					"$(inherited)",
					"@executable_path/Frameworks",
					"@loader_path/Frameworks",
				);
				MARKETING_VERSION = 1.0;
				PRODUCT_BUNDLE_IDENTIFIER = team.momin.PodormTests;
				PRODUCT_NAME = "$(TARGET_NAME)";
				SWIFT_EMIT_LOC_STRINGS = NO;
				SWIFT_OBJC_BRIDGING_HEADER = "PodormTests/PodormTests-Bridging-Header.h";
				SWIFT_VERSION = 5.0;
				TARGETED_DEVICE_FAMILY = "1,2";
				TEST_HOST = "$(BUILT_PRODUCTS_DIR)/Podorm.app/Podorm";
			};
			name = Release;
		};
		00B318C128B71A6500B422EF /* Debug */ = {
			isa = XCBuildConfiguration;
			buildSettings = {
				ALWAYS_EMBED_SWIFT_STANDARD_LIBRARIES = YES;
				CODE_SIGN_STYLE = Automatic;
				CURRENT_PROJECT_VERSION = 1;
				DEVELOPMENT_TEAM = 44RS35G3C5;
				GENERATE_INFOPLIST_FILE = YES;
				MARKETING_VERSION = 1.0;
				PRODUCT_BUNDLE_IDENTIFIER = team.momin.PodormUITests;
				PRODUCT_NAME = "$(TARGET_NAME)";
				SWIFT_EMIT_LOC_STRINGS = NO;
				SWIFT_VERSION = 5.0;
				TARGETED_DEVICE_FAMILY = "1,2";
				TEST_TARGET_NAME = Podorm;
			};
			name = Debug;
		};
		00B318C228B71A6500B422EF /* Release */ = {
			isa = XCBuildConfiguration;
			buildSettings = {
				ALWAYS_EMBED_SWIFT_STANDARD_LIBRARIES = YES;
				CODE_SIGN_STYLE = Automatic;
				CURRENT_PROJECT_VERSION = 1;
				DEVELOPMENT_TEAM = 44RS35G3C5;
				GENERATE_INFOPLIST_FILE = YES;
				MARKETING_VERSION = 1.0;
				PRODUCT_BUNDLE_IDENTIFIER = team.momin.PodormUITests;
				PRODUCT_NAME = "$(TARGET_NAME)";
				SWIFT_EMIT_LOC_STRINGS = NO;
				SWIFT_VERSION = 5.0;
				TARGETED_DEVICE_FAMILY = "1,2";
				TEST_TARGET_NAME = Podorm;
			};
			name = Release;
		};
/* End XCBuildConfiguration section */

/* Begin XCConfigurationList section */
		00B3189128B71A6300B422EF /* Build configuration list for PBXProject "Podorm" */ = {
			isa = XCConfigurationList;
			buildConfigurations = (
				00B318B828B71A6500B422EF /* Debug */,
				00B318B928B71A6500B422EF /* Release */,
			);
			defaultConfigurationIsVisible = 0;
			defaultConfigurationName = Release;
		};
		00B318BA28B71A6500B422EF /* Build configuration list for PBXNativeTarget "Podorm" */ = {
			isa = XCConfigurationList;
			buildConfigurations = (
				00B318BB28B71A6500B422EF /* Debug */,
				00B318BC28B71A6500B422EF /* Release */,
			);
			defaultConfigurationIsVisible = 0;
			defaultConfigurationName = Release;
		};
		00B318BD28B71A6500B422EF /* Build configuration list for PBXNativeTarget "PodormTests" */ = {
			isa = XCConfigurationList;
			buildConfigurations = (
				00B318BE28B71A6500B422EF /* Debug */,
				00B318BF28B71A6500B422EF /* Release */,
			);
			defaultConfigurationIsVisible = 0;
			defaultConfigurationName = Release;
		};
		00B318C028B71A6500B422EF /* Build configuration list for PBXNativeTarget "PodormUITests" */ = {
			isa = XCConfigurationList;
			buildConfigurations = (
				00B318C128B71A6500B422EF /* Debug */,
				00B318C228B71A6500B422EF /* Release */,
			);
			defaultConfigurationIsVisible = 0;
			defaultConfigurationName = Release;
		};
/* End XCConfigurationList section */

/* Begin XCRemoteSwiftPackageReference section */
		00E3912228BF8D61009233A0 /* XCRemoteSwiftPackageReference "firebase-ios-sdk" */ = {
			isa = XCRemoteSwiftPackageReference;
			repositoryURL = "https://github.com/firebase/firebase-ios-sdk";
			requirement = {
				kind = upToNextMajorVersion;
				minimumVersion = 9.0.0;
			};
		};
/* End XCRemoteSwiftPackageReference section */

/* Begin XCSwiftPackageProductDependency section */
		00E3912328BF8D61009233A0 /* FirebaseAuth */ = {
			isa = XCSwiftPackageProductDependency;
			package = 00E3912228BF8D61009233A0 /* XCRemoteSwiftPackageReference "firebase-ios-sdk" */;
			productName = FirebaseAuth;
		};
		00E3912528BF8D61009233A0 /* FirebaseFirestore */ = {
			isa = XCSwiftPackageProductDependency;
			package = 00E3912228BF8D61009233A0 /* XCRemoteSwiftPackageReference "firebase-ios-sdk" */;
			productName = FirebaseFirestore;
		};
		00E3912728BF8D61009233A0 /* FirebaseFirestoreSwift */ = {
			isa = XCSwiftPackageProductDependency;
			package = 00E3912228BF8D61009233A0 /* XCRemoteSwiftPackageReference "firebase-ios-sdk" */;
			productName = FirebaseFirestoreSwift;
		};
		00E3912928BF8D61009233A0 /* FirebaseStorage */ = {
			isa = XCSwiftPackageProductDependency;
			package = 00E3912228BF8D61009233A0 /* XCRemoteSwiftPackageReference "firebase-ios-sdk" */;
			productName = FirebaseStorage;
		};
/* End XCSwiftPackageProductDependency section */
	};
	rootObject = 00B3188E28B71A6300B422EF /* Project object */;
}
